
Microsoft Visual Studio Solution File, Format Version 12.00
# Visual Studio Version 16
VisualStudioVersion = 16.0.31515.178
MinimumVisualStudioVersion = 10.0.40219.1
Project("{9A19103F-16F7-4668-BE54-9A1E7A4F7556}") = "00-Demo-01-Hello-world", "00-Demo-01-Hello-world\00-Demo-01-Hello-world.csproj", "{56EAED74-25E5-4C02-8572-759BC0E74931}"
EndProject
Project("{2150E333-8FDC-42A3-9474-1A3956D46DE8}") = "01-Uvod", "01-Uvod", "{D613C94E-8482-4D2B-98EB-92E7932A357D}"
EndProject
Project("{9A19103F-16F7-4668-BE54-9A1E7A4F7556}") = "01-Uvod-010-Pozdrav", "01-Uvod-010-Pozdrav\01-Uvod-010-Pozdrav.csproj", "{0D156B0A-95C1-465A-B25C-9086A98D0E87}"
EndProject
Project("{9A19103F-16F7-4668-BE54-9A1E7A4F7556}") = "01-Uvod-020-Nej_skola", "01-Uvod-020-Nej_skola\01-Uvod-020-Nej_skola.csproj", "{2D03F30A-3270-461D-B8F5-753789CB3C19}"
EndProject
Project("{9A19103F-16F7-4668-BE54-9A1E7A4F7556}") = "01-Uvod-030-Domaci_vs_hoste", "01-Uvod-030-Domaci_vs_hoste\01-Uvod-030-Domaci_vs_hoste.csproj", "{6CB6F557-C513-4B2D-9767-33B1C1249AA8}"
EndProject
Project("{9A19103F-16F7-4668-BE54-9A1E7A4F7556}") = "01-Uvod-040-Datove_typy", "01-Uvod-040-Datove_typy\01-Uvod-040-Datove_typy.csproj", "{E6431740-287F-46F3-9F60-2363483C5AE9}"
EndProject
Project("{9A19103F-16F7-4668-BE54-9A1E7A4F7556}") = "01-Uvod-050-Obsah_ctverce", "01-Uvod-050-Obsah_ctverce\01-Uvod-050-Obsah_ctverce.csproj", "{8487CADD-4ED3-41E6-8DC8-560DD0F2A7CD}"
EndProject
Project("{9A19103F-16F7-4668-BE54-9A1E7A4F7556}") = "01-Uvod-060-Objem_a_povrch_kvadru", "01-Uvod-060-Objem_a_povrch_kvadru\01-Uvod-060-Objem_a_povrch_kvadru.csproj", "{DD358810-1AE6-4D82-82BE-FA8297B76C51}"
EndProject
Project("{9A19103F-16F7-4668-BE54-9A1E7A4F7556}") = "01-Uvod-070-Obvod_a_obsah_kruhu", "01-Uvod-070-Obvod_a_obsah_kruhu\01-Uvod-070-Obvod_a_obsah_kruhu.csproj", "{7338FF4C-A1B2-4242-A69B-E84392598EF7}"
EndProject
Project("{9A19103F-16F7-4668-BE54-9A1E7A4F7556}") = "01-Uvod-080-Pythagorova_veta", "C:\Users\koupja\source\repos\2021-PR1-1As1-Reseni\01-Uvod-080-Pythagorova_veta\01-Uvod-080-Pythagorova_veta.csproj", "{181C91BA-2160-481E-836D-5C4692B1EC53}"
EndProject
Project("{9A19103F-16F7-4668-BE54-9A1E7A4F7556}") = "01-Uvod-090-Vymena_karet", "C:\Users\koupja\source\repos\2021-PR1-1As1-Reseni\01-Uvod-090-Vymena_karet\01-Uvod-090-Vymena_karet.csproj", "{D7FD3756-4EB7-45AF-A790-B868CB4550B5}"
EndProject
Project("{9A19103F-16F7-4668-BE54-9A1E7A4F7556}") = "01-Uvod-100-Nakupni_kosik", "C:\Users\koupja\source\repos\2021-PR1-1As1-Reseni\01-Uvod-100-Nakupni_kosik\01-Uvod-100-Nakupni_kosik.csproj", "{C8B1E4E8-256E-4C29-B6B9-8DF7765798C2}"
EndProject
Project("{9A19103F-16F7-4668-BE54-9A1E7A4F7556}") = "01-Uvod-110-Rozbite_deleni", "C:\Users\koupja\source\repos\2021-PR1-1As1-Reseni\01-Uvod-110-Rozbite_deleni\01-Uvod-110-Rozbite_deleni.csproj", "{E0C97FF1-3A73-4DD4-B0D6-902BF18EF0D2}"
EndProject
Project("{9A19103F-16F7-4668-BE54-9A1E7A4F7556}") = "01-Uvod-120-Heronuv_vzorec", "C:\Users\koupja\source\repos\2021-PR1-1As1-Reseni\01-Uvod-120-Heronuv_vzorec\01-Uvod-120-Heronuv_vzorec.csproj", "{A788A40B-37BA-485A-A514-8FD308701469}"
EndProject
Project("{2150E333-8FDC-42A3-9474-1A3956D46DE8}") = "02-Podminky", "02-Podminky", "{C496388F-C6E0-439E-AB2F-0A33259BED93}"
EndProject
Project("{9A19103F-16F7-4668-BE54-9A1E7A4F7556}") = "02-Podm-010-Vyssi-cislo", "02-Podm-010-Vyssi-cislo\02-Podm-010-Vyssi-cislo.csproj", "{99D96287-64D4-4BDB-9A3C-335728E27527}"
EndProject
Project("{9A19103F-16F7-4668-BE54-9A1E7A4F7556}") = "02-Podm-020-Kladne-nebo-zaporne", "02-Podm-020-Kladne-nebo-zaporne\02-Podm-020-Kladne-nebo-zaporne.csproj", "{F69DE01B-DBB1-4982-8074-965B3F29617F}"
EndProject
Project("{9A19103F-16F7-4668-BE54-9A1E7A4F7556}") = "02-Podm-030-Chyba-c-1", "02-Podm-030-Chyba-c-1\02-Podm-030-Chyba-c-1.csproj", "{04B160EF-5CE3-49B4-BD6E-F2F23C3CCD5F}"
EndProject
Project("{9A19103F-16F7-4668-BE54-9A1E7A4F7556}") = "02-Podm-040-Suda_nebo_licha", "02-podm-040-Suda_nebo_licha\02-Podm-040-Suda_nebo_licha.csproj", "{E6DC22A3-7AA9-45DE-8180-D1C2240800E5}"
EndProject
Project("{9A19103F-16F7-4668-BE54-9A1E7A4F7556}") = "02-Podm-050-Chyba-c-2", "02-Podm-050-Chyba-c-2\02-Podm-050-Chyba-c-2.csproj", "{B80C5A56-BE69-46EB-8979-44CEBC4894F1}"
EndProject
Project("{9A19103F-16F7-4668-BE54-9A1E7A4F7556}") = "02-Podm-060-Den_v_tydnu", "02-Podm-060-Den_v_tydnu\02-Podm-060-Den_v_tydnu.csproj", "{28E05597-60A8-46CF-A0C5-DD18A38BB0BA}"
EndProject
Project("{9A19103F-16F7-4668-BE54-9A1E7A4F7556}") = "02-Podm-070-Chyba-c-3", "02-Podm-070-Chyba-c-3\02-Podm-070-Chyba-c-3.csproj", "{FE343ADF-96E6-42F8-A21E-F050DAE321A8}"
EndProject
Project("{9A19103F-16F7-4668-BE54-9A1E7A4F7556}") = "02-Podm-080-Absolutni-hodnota", "02-Podm-080-Absolutni-hodnota\02-Podm-080-Absolutni-hodnota.csproj", "{BA5BE706-0EF6-4081-9C82-0C9480185D2F}"
EndProject
Project("{9A19103F-16F7-4668-BE54-9A1E7A4F7556}") = "02-Podm-090-Je_vikend", "02-Podm-090-Je_vikend\02-Podm-090-Je_vikend.csproj", "{8B857B07-A806-4F41-A847-4AB22C0EB324}"
EndProject
Project("{9A19103F-16F7-4668-BE54-9A1E7A4F7556}") = "02-Podm-100-Chyba-c-4", "02-Podm-100-Chyba-c-4\02-Podm-100-Chyba-c-4.csproj", "{F6E577D6-CB4B-4054-94EE-A129F0762108}"
EndProject
Project("{9A19103F-16F7-4668-BE54-9A1E7A4F7556}") = "02-Podm-110-Duchodova-kalkulacka", "02-Podm-110-Duchodova-kalkulacka\02-Podm-110-Duchodova-kalkulacka.csproj", "{B679DBA8-CB88-4A64-941F-9C590255994D}"
EndProject
Project("{9A19103F-16F7-4668-BE54-9A1E7A4F7556}") = "02-Podm-120-Znamkovac", "02-Podm-120-Znamkovac\02-Podm-120-Znamkovac.csproj", "{03376735-9EA7-4563-AC66-9DFD30E27DBD}"
EndProject
Project("{9A19103F-16F7-4668-BE54-9A1E7A4F7556}") = "02-Podm-130-Kolik_dnu", "02-Podm-130-Kolik_dnu\02-Podm-130-Kolik_dnu.csproj", "{6D3A227F-55DC-4B68-B6D1-4F27E6BEEBEE}"
EndProject
Project("{9A19103F-16F7-4668-BE54-9A1E7A4F7556}") = "02-Podm-140-Chyba-c-5", "02-Podm-140-Chyba-c-5\02-Podm-140-Chyba-c-5.csproj", "{C0526C47-6744-4FA0-8973-3848DD726D86}"
EndProject
Project("{9A19103F-16F7-4668-BE54-9A1E7A4F7556}") = "02-Podm-150-Nacteni-bool-z-klavesnice", "02-Podm-150-Nacteni-bool-z-klavesnice\02-Podm-150-Nacteni-bool-z-klavesnice.csproj", "{DC271F53-94E9-42D8-8028-58506F671885}"
EndProject
Project("{9A19103F-16F7-4668-BE54-9A1E7A4F7556}") = "02-Podm-160-Je-samohlaska", "02-Podm-160-Je-samohlaska\02-Podm-160-Je-samohlaska.csproj", "{5F78F51F-67D7-4E65-878F-E51DF8F2A99C}"
EndProject
Project("{9A19103F-16F7-4668-BE54-9A1E7A4F7556}") = "02-Podm-170-Typ-znaku", "02-Podm-170-Typ-znaku\02-Podm-170-Typ-znaku.csproj", "{D5927227-5183-4542-8E80-354D0FFEB069}"
EndProject
Project("{9A19103F-16F7-4668-BE54-9A1E7A4F7556}") = "02-Podm-180-Delitelnost-2-a-3", "02-Podm-180-Delitelnost-2-a-3\02-Podm-180-Delitelnost-2-a-3.csproj", "{6FE8166B-D9A9-4D32-AA38-7EED3083A7A0}"
EndProject
Project("{9A19103F-16F7-4668-BE54-9A1E7A4F7556}") = "02-Podm-190-IQ-Test", "02-Podm-190-IQ-Test\02-Podm-190-IQ-Test.csproj", "{FD4423E4-FC1F-4FFF-BB4B-CB4ACCD78631}"
EndProject
Project("{9A19103F-16F7-4668-BE54-9A1E7A4F7556}") = "02-Podm-200-Interval", "02-Podm-200-Interval\02-Podm-200-Interval.csproj", "{B77EA176-AEE3-460D-90BD-B6E47B35B396}"
EndProject
Project("{9A19103F-16F7-4668-BE54-9A1E7A4F7556}") = "02-Podm-210-Je-trojuhelnik", "02-Podm-210-Je-trojuhelnik\02-Podm-210-Je-trojuhelnik.csproj", "{E81EB37F-E338-4DA2-A570-B91C4D42757C}"
EndProject
Project("{9A19103F-16F7-4668-BE54-9A1E7A4F7556}") = "02-Podm-220-Ktery-kvadrant", "02-Podm-220-Ktery-kvadrant\02-Podm-220-Ktery-kvadrant.csproj", "{29C98FA2-8E96-411D-B9A7-F55141507F6C}"
EndProject
Project("{9A19103F-16F7-4668-BE54-9A1E7A4F7556}") = "02-Podm-230-Svatebni-poradce-I", "02-Podm-230-Svatebni-poradce-I\02-Podm-230-Svatebni-poradce-I.csproj", "{2E72055E-FB70-4190-988F-F69A8BF1D376}"
EndProject
Project("{9A19103F-16F7-4668-BE54-9A1E7A4F7556}") = "02-Podm-240-Svatebni_poradce-II", "02-Podm-240-Svatebni-poradce-II\02-Podm-240-Svatebni_poradce-II.csproj", "{210C5A76-D8A2-43B5-B6E3-29DB91437564}"
EndProject
Project("{9A19103F-16F7-4668-BE54-9A1E7A4F7556}") = "02-Podm-250-Svatebni-poradce-III", "02-Podm-250-Svatebni-poradce-III\02-Podm-250-Svatebni-poradce-III.csproj", "{5CC25E9E-483F-429D-BF51-EC38D2D75B6F}"
EndProject
Project("{9A19103F-16F7-4668-BE54-9A1E7A4F7556}") = "02-Podm-260-Studijni-poradce", "02-Podm-260-Studijni-poradce\02-Podm-260-Studijni-poradce.csproj", "{0F00F905-C725-46F7-8416-63AA31749275}"
EndProject
Project("{9A19103F-16F7-4668-BE54-9A1E7A4F7556}") = "02-Podm-270-Prijmout-kandidata", "02-Podm-270-Prijmout-kandidata\02-Podm-270-Prijmout-kandidata.csproj", "{68BC633C-A4DA-4E7D-8FE7-3F4EF0842448}"
EndProject
Project("{9A19103F-16F7-4668-BE54-9A1E7A4F7556}") = "02-Podm-280-Prestupny-rok", "02-Podm-280-Prestupny-rok\02-Podm-280-Prestupny-rok.csproj", "{EB02C4A8-C918-4249-A207-25690DC4ECB0}"
EndProject
Project("{9A19103F-16F7-4668-BE54-9A1E7A4F7556}") = "02-Podm-290-Nejvetsi-ze-tri", "02-Podm-290-Nejvetsi-ze-tri\02-Podm-290-Nejvetsi-ze-tri.csproj", "{D8FCA9A9-D1B6-4079-9B9D-552D1C6D0B61}"
EndProject
Project("{9A19103F-16F7-4668-BE54-9A1E7A4F7556}") = "02-Podm-310-Serazeni-Bonus", "02-Podm-310-Serazeni-Bonus\02-Podm-310-Serazeni-Bonus.csproj", "{5B97F812-3E12-4BF6-896B-8B0430C4186C}"
EndProject
Project("{2150E333-8FDC-42A3-9474-1A3956D46DE8}") = "02a-Podminky-a-rnd", "02a-Podminky-a-rnd", "{74DDE047-3DC0-4C37-AA5F-489A5A721419}"
EndProject
Project("{9A19103F-16F7-4668-BE54-9A1E7A4F7556}") = "02a-Rnd-010-Sestistěnka", "02a-Rnd-010-Sestistěnka\02a-Rnd-010-Sestistěnka.csproj", "{51D96A07-2F42-4BF0-972D-E30F4509A994}"
EndProject
Project("{9A19103F-16F7-4668-BE54-9A1E7A4F7556}") = "02a-Rnd-020-Hra v kostky", "02a-Rnd-020-Hra v kostky\02a-Rnd-020-Hra v kostky.csproj", "{556415CC-6452-4EE2-92D0-21992822AF61}"
EndProject
Project("{9A19103F-16F7-4668-BE54-9A1E7A4F7556}") = "02a-Rnd-030-Ruznostenka", "02a-Rnd-030-Ruznostenka\02a-Rnd-030-Ruznostenka.csproj", "{F7F0E315-8A8E-4441-A91B-AFF6456F28E0}"
EndProject
Project("{9A19103F-16F7-4668-BE54-9A1E7A4F7556}") = "02a-Rnd-040-KNP-uvod", "02a-Rnd-040-KNP-uvod\02a-Rnd-040-KNP-uvod.csproj", "{3C87E54D-CB48-4A93-97C7-CB2E8F9325B9}"
EndProject
Project("{9A19103F-16F7-4668-BE54-9A1E7A4F7556}") = "02a-Rnd-050-KNP-User-interface", "02a-Rnd-050-KNP-User-interface\02a-Rnd-050-KNP-User-interface.csproj", "{CBBB41E4-661F-419A-994B-8A8B5001EA61}"
EndProject
Project("{9A19103F-16F7-4668-BE54-9A1E7A4F7556}") = "02a-Rnd-060-KNP-cele", "02a-Rnd-060-KNP-cele\02a-Rnd-060-KNP-cele.csproj", "{5772BE11-61AA-470F-8098-F6E378FFDD48}"
EndProject
Project("{2150E333-8FDC-42A3-9474-1A3956D46DE8}") = "03-While", "03-While", "{60C73EA5-F7AD-4FA3-9DC9-5E932C6A7DF7}"
EndProject
Project("{9A19103F-16F7-4668-BE54-9A1E7A4F7556}") = "03-While-010-Mala-nasobilka", "03-While-010-Mala-nasobilka\03-While-010-Mala-nasobilka.csproj", "{30AFFC79-F4E0-4005-8F6E-FA65277246E1}"
EndProject
Project("{9A19103F-16F7-4668-BE54-9A1E7A4F7556}") = "03-While-020-Nacti-zaporne", "03-While-020-Nacti-zaporne\03-While-020-Nacti-zaporne.csproj", "{BA1E31BD-6DC4-47F6-A1FE-0E02F8D459DC}"
EndProject
Project("{9A19103F-16F7-4668-BE54-9A1E7A4F7556}") = "03-While-030-Nacti-sude", "03-While-030-Nacti-sude\03-While-030-Nacti-sude.csproj", "{89F8FEB2-8233-44AA-AA4B-D7432C42DFFB}"
EndProject
Project("{9A19103F-16F7-4668-BE54-9A1E7A4F7556}") = "03-While-040-Nacti-trojciferne", "03-While-040-Nacti-trojciferne\03-While-040-Nacti-trojciferne.csproj", "{123BB1FD-E02C-478A-91C5-3ECFB389EC25}"
EndProject
Project("{9A19103F-16F7-4668-BE54-9A1E7A4F7556}") = "03-While-050-Nacti-liche", "03-While-050-Nacti-liche\03-While-050-Nacti-liche.csproj", "{C5775108-0187-4731-B6C4-F99CD4179968}"
EndProject
Project("{9A19103F-16F7-4668-BE54-9A1E7A4F7556}") = "03-While-060-Sude-nad-deset", "03-While-060-Sude-nad-deset\03-While-060-Sude-nad-deset.csproj", "{9537FD9C-1250-4D01-93B9-1B0328085D8D}"
EndProject
Project("{9A19103F-16F7-4668-BE54-9A1E7A4F7556}") = "03-While-070-Delitelnost", "03-While-070-Delitelnost\03-While-070-Delitelnost.csproj", "{0DA7ED1C-0E71-439F-A065-F68A77602500}"
EndProject
Project("{9A19103F-16F7-4668-BE54-9A1E7A4F7556}") = "03-While-080-Soucet-zadanych", "03-While-080-Soucet_zadanych\03-While-080-Soucet-zadanych.csproj", "{CB8AABBD-3276-44D1-9212-5B5E0EFF9EA7}"
EndProject
Project("{9A19103F-16F7-4668-BE54-9A1E7A4F7556}") = "03-While-150-Minimum-ze-ctvrtych", "03-While-150-Minimum-ze-ctvrtych\03-While-150-Minimum-ze-ctvrtych.csproj", "{28B19CB1-6989-4FE2-B286-8E18B296A0A2}"
EndProject
Project("{9A19103F-16F7-4668-BE54-9A1E7A4F7556}") = "03-While-140-Maximum", "03-While-140-Maximum\03-While-140-Maximum.csproj", "{525E3BFD-AB32-4BEF-AEDC-087337C96E1D}"
EndProject
Project("{9A19103F-16F7-4668-BE54-9A1E7A4F7556}") = "03-While-130-Pocty-podle-velikosti", "03-While-130-Pocty-podle-velikosti\03-While-130-Pocty-podle-velikosti.csproj", "{41CFC953-BE69-4E5E-A003-3CD3D5F71CF3}"
EndProject
Project("{9A19103F-16F7-4668-BE54-9A1E7A4F7556}") = "03-While-120-Pocty-podle-parity", "03-While-120-Pocty-podle-parity\03-While-120-Pocty-podle-parity.csproj", "{D1BCBA05-618C-49FE-9833-BBB876F29AEC}"
EndProject
Project("{9A19103F-16F7-4668-BE54-9A1E7A4F7556}") = "03-While-110-Kdy-padne-6-Level-2", "03-While-110-Kdy-padne-6-Level-2\03-While-110-Kdy-padne-6-Level-2.csproj", "{0B050B4F-AB15-43CE-9AC2-098426CEAD0A}"
EndProject
Project("{9A19103F-16F7-4668-BE54-9A1E7A4F7556}") = "03-While-110-Kdy-padne-6", "03-While-110-Kdy-padne-6\03-While-110-Kdy-padne-6.csproj", "{5951E181-5A5D-48E6-B47C-A0BB7E55D158}"
EndProject
Project("{9A19103F-16F7-4668-BE54-9A1E7A4F7556}") = "03-While-100-Soucin-zadanych", "03-While-100-Soucin-zadanych\03-While-100-Soucin-zadanych.csproj", "{2DEB29AC-D636-43D3-A788-2860C81010C4}"
EndProject
Project("{9A19103F-16F7-4668-BE54-9A1E7A4F7556}") = "03-While-090-Soucet-cisel-v-intervalu", "03-While-090-Soucet-cisel-v-intervalu\03-While-090-Soucet-cisel-v-intervalu.csproj", "{6FACE213-1489-47DF-94F2-B756AE73E69B}"
EndProject
Project("{9A19103F-16F7-4668-BE54-9A1E7A4F7556}") = "03-While-160-Bezpecne-nacteni-cisla", "03-While-160-Bezpecne-nacteni-cisla\03-While-160-Bezpecne-nacteni-cisla.csproj", "{C0A16624-AB1F-4C30-AA4A-D53A2CC20DBE}"
EndProject
Project("{9A19103F-16F7-4668-BE54-9A1E7A4F7556}") = "03-While-170-Minimax", "03-While-170-Minimax\03-While-170-Minimax.csproj", "{80804EB0-74DE-4FFA-9D63-C11DEC677055}"
EndProject
Project("{9A19103F-16F7-4668-BE54-9A1E7A4F7556}") = "03-While-180-Prumerny-hod-kostkou", "03-While-180-Prumerny-hod-kostkou\03-While-180-Prumerny-hod-kostkou.csproj", "{1A0FC813-38EE-42FE-9B73-54AE5834E22B}"
EndProject
Project("{9A19103F-16F7-4668-BE54-9A1E7A4F7556}") = "03-While-190-Hadej-kolik-myslim", "03-While-190-Hadej-kolik-myslim\03-While-190-Hadej-kolik-myslim.csproj", "{C561C9D1-0A25-4E70-8559-B892C3A54759}"
EndProject
Project("{9A19103F-16F7-4668-BE54-9A1E7A4F7556}") = "03-While-220-Kamen-Nuzky-Papir-Level-2", "03-While-220-Kamen-Nuzky-Papir-Level-2\03-While-220-Kamen-Nuzky-Papir-Level-2.csproj", "{5DA30170-104C-44A3-8006-4BA38F53B7B3}"
EndProject
Project("{9A19103F-16F7-4668-BE54-9A1E7A4F7556}") = "03-While-220-Kamen-Nuzky-Papir", "03-While-220-Kamen-Nuzky-Papir\03-While-220-Kamen-Nuzky-Papir.csproj", "{2817F96D-462F-4DC3-ABDC-9E68893CB31F}"
EndProject
Project("{9A19103F-16F7-4668-BE54-9A1E7A4F7556}") = "03-While-210-Hra-Nim-level-2-3", "03-While-210-Hra-Nim-level-2-3\03-While-210-Hra-Nim-level-2-3.csproj", "{4E1F9E55-7AB7-4041-9A1B-E0DEA017B282}"
EndProject
Project("{9A19103F-16F7-4668-BE54-9A1E7A4F7556}") = "03-While-210-Hra-Nim", "03-While-210-Hra Nim\03-While-210-Hra-Nim.csproj", "{8A2596AC-B1D0-46CF-8AC1-1FEAAA4F4A37}"
EndProject
Project("{9A19103F-16F7-4668-BE54-9A1E7A4F7556}") = "03-While-200-Serie-sestek-level-2", "03-While-200-Serie-sestek-level-2\03-While-200-Serie-sestek-level-2.csproj", "{A5028E47-7BFF-4DB7-8B53-3960DDB71BAA}"
EndProject
Project("{9A19103F-16F7-4668-BE54-9A1E7A4F7556}") = "03-While-200-Serie-sestek", "03-While-200-Serie-sestek\03-While-200-Serie-sestek.csproj", "{9F0B518A-9E29-4211-B1CF-364BBFE99341}"
EndProject
Project("{9A19103F-16F7-4668-BE54-9A1E7A4F7556}") = "03-While-195-Zebriky-a-hadi", "03-While-195-Zebriky-a-hadi\03-While-195-Zebriky-a-hadi.csproj", "{AB6E1191-C462-479A-B08C-EA477E150DD7}"
EndProject
Project("{2150E333-8FDC-42A3-9474-1A3956D46DE8}") = "04-For", "04-For", "{553A6759-F191-45A4-83B4-7AD8800CC4D4}"
EndProject
Project("{9A19103F-16F7-4668-BE54-9A1E7A4F7556}") = "04-For-010-Zdraveni", "04-For-010-Zdraveni\04-For-010-Zdraveni.csproj", "{4FCBEBD2-5AAD-4A33-A3C5-71D52E6C6A46}"
EndProject
Project("{9A19103F-16F7-4668-BE54-9A1E7A4F7556}") = "04-For-020-Odpocet", "04-For-020-Odpocet\04-For-020-Odpocet.csproj", "{79F9BBD3-E2AB-46CF-B049-D9EB32365B75}"
EndProject
Project("{9A19103F-16F7-4668-BE54-9A1E7A4F7556}") = "04-For-030-Pred-pikolou", "04-For-030-Pred-pikolou\04-For-030-Pred-pikolou.csproj", "{3FE883A8-00F0-4B10-BB5E-17246BAE4AB9}"
EndProject
Project("{9A19103F-16F7-4668-BE54-9A1E7A4F7556}") = "04-For-080-Sečti-10-cisel", "04-For-080-Sečti-10-cisel\04-For-080-Sečti-10-cisel.csproj", "{06DF5908-F09A-41F6-B75B-937EFBAD4A7F}"
EndProject
Project("{9A19103F-16F7-4668-BE54-9A1E7A4F7556}") = "04-For-090-Secti-suda-cisla-z-10-cisel", "04-For-090-Secti-suda-cisla-z-10-cisel\04-For-090-Secti-suda-cisla-z-10-cisel.csproj", "{D4CD3B01-71F2-4801-B038-2F5E7C7575BB}"
EndProject
Project("{9A19103F-16F7-4668-BE54-9A1E7A4F7556}") = "04-For-100-Secti-cisla-na-sudych-pozicich-z-10-cisel", "04-For-100-Secti-cisla-na-sudych-pozicich-z-10-cisel\04-For-100-Secti-cisla-na-sudych-pozicich-z-10-cisel.csproj", "{3328DF64-B3EB-4774-A105-446EC0191209}"
EndProject
Project("{9A19103F-16F7-4668-BE54-9A1E7A4F7556}") = "04-For-110-Secti-N-cisel", "04-For-110-Secti-N-cisel\04-For-110-Secti-N-cisel.csproj", "{42850459-6115-4780-B18B-66FCE6C06310}"
EndProject
Project("{9A19103F-16F7-4668-BE54-9A1E7A4F7556}") = "04-For-120-Jsou-vsechna-cisla-licha", "04-For-120-Jsou-vsechna-cisla-licha\04-For-120-Jsou-vsechna-cisla-licha.csproj", "{D40581A2-66C9-45CF-9794-6E56D75DCBC2}"
EndProject
Project("{9A19103F-16F7-4668-BE54-9A1E7A4F7556}") = "04-For-130-Prumer-z-N-cisel", "04-For-130-Prumer-z-N-cisel\04-For-130-Prumer-z-N-cisel.csproj", "{C2F9F3ED-D033-465C-BFC8-91CF13464A96}"
EndProject
Project("{9A19103F-16F7-4668-BE54-9A1E7A4F7556}") = "04-For-150-Obracene-slovo", "04-For-150-obracene-slovo\04-For-150-Obracene-slovo.csproj", "{2456EDBC-BFE9-4BE0-99BD-95967BFDA2DF}"
EndProject
Project("{9A19103F-16F7-4668-BE54-9A1E7A4F7556}") = "04-For-160-Obraceny-text", "04-For-160-Obraceny-text\04-For-160-Obraceny-text.csproj", "{402F4E9D-2AC6-48FE-95FA-7889054DA05C}"
EndProject
Project("{9A19103F-16F7-4668-BE54-9A1E7A4F7556}") = "04-For-170-Kazdy-druhy-znak", "04-For-170-Kazdy-druhy-znak\04-For-170-Kazdy-druhy-znak.csproj", "{EE5604D9-DE1D-46A7-B90D-52F591A132C5}"
EndProject
Project("{9A19103F-16F7-4668-BE54-9A1E7A4F7556}") = "04-For-180-Vlozte-oddelovac", "04-For-180-Vlozte-oddelovac\04-For-180-Vlozte-oddelovac.csproj", "{F53F0E10-0AC6-458B-97AF-1D11827EDC2C}"
EndProject
Project("{9A19103F-16F7-4668-BE54-9A1E7A4F7556}") = "04-For-190-Vynechte-mezery", "04-For-190-Vynechte-mezery\04-For-190-Vynechte-mezery.csproj", "{1BA68255-8081-4427-AB36-1BC72C9B94C3}"
EndProject
Project("{9A19103F-16F7-4668-BE54-9A1E7A4F7556}") = "04-For-200-Nechte-jen-pismena", "04-For-200-Nechte-jen-pismena\04-For-200-Nechte-jen-pismena.csproj", "{FE509BC5-B2EA-4309-973F-507AAFEA567B}"
EndProject
Project("{9A19103F-16F7-4668-BE54-9A1E7A4F7556}") = "04-For-210-Namaluj-ctverec", "04-For-210-Namaluj-ctverec\04-For-210-Namaluj-ctverec.csproj", "{5D6FFD0E-84A4-4EBD-A056-599C6553D90E}"
EndProject
Project("{9A19103F-16F7-4668-BE54-9A1E7A4F7556}") = "04-For-220-Namaluj-obdelnik", "04-For-220-Namaluj-obdelnik\04-For-220-Namaluj-obdelnik.csproj", "{D34571C4-6ABE-4EE6-8237-DC5A6D2DD21E}"
EndProject
Project("{9A19103F-16F7-4668-BE54-9A1E7A4F7556}") = "04-For-230-Namaluj-trojúhelnik-typu-p", "04-For-230-Namaluj-trojúhelnik-typu-p\04-For-230-Namaluj-trojúhelnik-typu-p.csproj", "{FBE55E52-F01D-4440-9D71-56DDF820D8B0}"
EndProject
Project("{9A19103F-16F7-4668-BE54-9A1E7A4F7556}") = "04-For-240-Namaluj-trojuhelnik-typu-q", "04-For-240-Namaluj-trojuhelnik-typu-q\04-For-240-Namaluj-trojuhelnik-typu-q.csproj", "{66A6BB50-41F8-4FFD-9789-56507DE35B00}"
EndProject
Project("{9A19103F-16F7-4668-BE54-9A1E7A4F7556}") = "04-For-250-Namaluj-trojúhelník-typu-d", "04-For-250-Namaluj-trojúhelník-typu-d\04-For-250-Namaluj-trojúhelník-typu-d.csproj", "{87454C18-319F-4294-B39D-1F1D742DD80A}"
EndProject
Project("{9A19103F-16F7-4668-BE54-9A1E7A4F7556}") = "04-For-260-Namaluj-trojuhelnik-typu-delta", "04-For-260-Namaluj-trojuhelnik-typu-delta\04-For-260-Namaluj-trojuhelnik-typu-delta.csproj", "{A05C8680-6899-4167-8B28-8A1C58AF6550}"
EndProject
Project("{9A19103F-16F7-4668-BE54-9A1E7A4F7556}") = "04-For-280-Algebrogram-I", "04-For-280-Algebrogram-I\04-For-280-Algebrogram-I.csproj", "{D9B4E95C-47FE-425E-B9D0-D5D3323AA2C5}"
EndProject
Project("{9A19103F-16F7-4668-BE54-9A1E7A4F7556}") = "04-For-290-Algebrogram-II", "04-For-290-Algebrogram-II\04-For-290-Algebrogram-II.csproj", "{EE6E8E5F-0018-493E-925A-A7F39D984CB8}"
EndProject
Project("{9A19103F-16F7-4668-BE54-9A1E7A4F7556}") = "04-For-300-Kam-utoci-vez-L1", "04-For-300-Kam-utoci-vez-L1\04-For-300-Kam-utoci-vez-L1.csproj", "{82930C36-FB89-4CA0-AA74-A7C247BE14D6}"
EndProject
Project("{9A19103F-16F7-4668-BE54-9A1E7A4F7556}") = "04-For-310-Kam-utoci-vez-L2", "04-For-310-Kam-utoci-vez-L2\04-For-310-Kam-utoci-vez-L2.csproj", "{64676ABC-50C0-474A-A179-DEDD22EB6A67}"
EndProject
Project("{9A19103F-16F7-4668-BE54-9A1E7A4F7556}") = "04-For-320-Kam-dojde-kral-L1", "04-For-320-Kam-dojde-kral-L1\04-For-320-Kam-dojde-kral-L1.csproj", "{94C3085D-379B-41DD-AFCD-D4D5EF3149AA}"
EndProject
Project("{9A19103F-16F7-4668-BE54-9A1E7A4F7556}") = "04-For-330-Kam-dojde-kral-L2", "04-For-330-Kam-dojde-kral-L2\04-For-330-Kam-dojde-kral-L2.csproj", "{CF6044D2-4C55-4667-999D-2A517FE6EF72}"
EndProject
Project("{9A19103F-16F7-4668-BE54-9A1E7A4F7556}") = "04-For-340-Kam-utoci-strelec-L1", "04-For-340-Kam-utoci-strelec-L1\04-For-340-Kam-utoci-strelec-L1.csproj", "{0A91341A-D2AE-4891-B59F-8E5AC6AA6FD5}"
EndProject
Project("{9A19103F-16F7-4668-BE54-9A1E7A4F7556}") = "04-For-350-Kam-utoci-strelec-L2", "04-For-350-Kam-utoci-strelec-L2\04-For-350-Kam-utoci-strelec-L2.csproj", "{467AA3B3-22D7-4287-A09C-85D63F894E34}"
EndProject
Project("{9A19103F-16F7-4668-BE54-9A1E7A4F7556}") = "04-For-360-Kam-utoci-dama-L1", "04-For-360-Kam-utoci-dama-L1\04-For-360-Kam-utoci-dama-L1.csproj", "{4FBC6612-32EB-40F2-AA47-66E84855769B}"
EndProject
Project("{9A19103F-16F7-4668-BE54-9A1E7A4F7556}") = "04-For-370-Kam-utoci-dama-L2", "04-For-370-Kam-utoci-dama-L2\04-For-370-Kam-utoci-dama-L2.csproj", "{C6B7C245-0126-4DCA-96AF-404EE783BD6F}"
EndProject
Project("{9A19103F-16F7-4668-BE54-9A1E7A4F7556}") = "04-For-380-Kam-utoci-jezdec-L1", "04-For-380-Kam-utoci-jezdec-L1\04-For-380-Kam-utoci-jezdec-L1.csproj", "{F82D76AF-D682-4872-834D-186EC744C063}"
EndProject
Project("{9A19103F-16F7-4668-BE54-9A1E7A4F7556}") = "04-For-390-Kam-utoci-jezdec-L2", "04-For-390-Kam-utoci-jezdec-L2\04-For-390-Kam-utoci-jezdec-L2.csproj", "{A47A4EE2-21F3-4F19-864D-C9DC3E6E7EC8}"
EndProject
Project("{2150E333-8FDC-42A3-9474-1A3956D46DE8}") = "05-Pole", "05-Pole", "{3185A54A-0ACE-4F37-AB17-31BCB56DD25B}"
EndProject
Project("{9A19103F-16F7-4668-BE54-9A1E7A4F7556}") = "05-Pole-010-Naplneni-a-vypis", "05-Pole-010-Naplneni-a-vypis\05-Pole-010-Naplneni-a-vypis.csproj", "{F515EE3A-E080-425E-8362-F279C46763DA}"
EndProject
Project("{9A19103F-16F7-4668-BE54-9A1E7A4F7556}") = "05-Pole-020-Chyba-1", "05-Pole-020-Chyba-1\05-Pole-020-Chyba-1.csproj", "{5E3BEB3B-145D-4432-BBC2-B89FB1CBB9EB}"
EndProject
Project("{9A19103F-16F7-4668-BE54-9A1E7A4F7556}") = "05-Pole-030-Chyba-2", "05-Pole-030-Chyba-2\05-Pole-030-Chyba-2.csproj", "{EF4A6275-7FB7-4BBF-A13A-2B33C69A9000}"
EndProject
Project("{9A19103F-16F7-4668-BE54-9A1E7A4F7556}") = "05-Pole-040-Podmineny-soucet", "05-Pole-040-Podmineny-soucet\05-Pole-040-Podmineny-soucet.csproj", "{391AE284-7985-4159-B9A7-BFEC6542F795}"
EndProject
Project("{9A19103F-16F7-4668-BE54-9A1E7A4F7556}") = "05-Pole-050-Chyba-3", "05-Pole-050-Chyba-3\05-Pole-050-Chyba-3.csproj", "{A53597FB-EADD-4B64-9D7F-5BA29F0BDB35}"
EndProject
Project("{9A19103F-16F7-4668-BE54-9A1E7A4F7556}") = "05-Pole-060-Ceho-je-vic", "05-Pole-060-Ceho-je-vic\05-Pole-060-Ceho-je-vic.csproj", "{D43A5A93-4344-4055-A668-B66F9EEA5759}"
EndProject
Project("{9A19103F-16F7-4668-BE54-9A1E7A4F7556}") = "05-Pole-070-Dlouhe-retezce", "05-Pole-070-Dlouhe-retezce\05-Pole-070-Dlouhe-retezce.csproj", "{3DC42234-060E-4E84-9308-02ED26395CF6}"
EndProject
Project("{9A19103F-16F7-4668-BE54-9A1E7A4F7556}") = "05-Pole-080-Teploty", "05-Pole-080-Teploty\05-Pole-080-Teploty.csproj", "{48EB5A3A-AFD9-46D0-88E6-89FF21D65311}"
EndProject
Project("{9A19103F-16F7-4668-BE54-9A1E7A4F7556}") = "05-Pole-090-Najdi-prvek", "05-Pole-090-Najdi-prvek\05-Pole-090-Najdi-prvek.csproj", "{DE029399-0D40-49C2-9256-3D8EDD7453B6}"
EndProject
Project("{9A19103F-16F7-4668-BE54-9A1E7A4F7556}") = "05-Pole-100-Minimax-v-poli", "05-Pole-100-Minimax-v-poli\05-Pole-100-Minimax-v-poli.csproj", "{14757986-1E9B-473E-9009-5035DBC71A7E}"
EndProject
Project("{9A19103F-16F7-4668-BE54-9A1E7A4F7556}") = "05-Pole-110-Nadprumerne-hodnoty", "05-Pole-110-Nadprumerne-hodnoty\05-Pole-110-Nadprumerne-hodnoty.csproj", "{6811EEBF-5209-4108-BD3E-E61EC504678C}"
EndProject
Project("{9A19103F-16F7-4668-BE54-9A1E7A4F7556}") = "05-Pole-120-Pole-souctu", "05-Pole-120-pole-souctu\05-Pole-120-Pole-souctu.csproj", "{84D5F82C-0334-4406-91AC-55188E95D8FE}"
EndProject
Project("{9A19103F-16F7-4668-BE54-9A1E7A4F7556}") = "05-Pole-130-Rohy-obdelnika", "05-Pole-130-Rohy-obdelnika\05-Pole-130-Rohy-obdelnika.csproj", "{1E75BAA8-03AA-4CFE-A4C4-7035B53B01C7}"
EndProject
Project("{9A19103F-16F7-4668-BE54-9A1E7A4F7556}") = "05-Pole-140-Balicek-karet", "05-Pole-140-Balicek-karet\05-Pole-140-Balicek-karet.csproj", "{D6F5771B-AD73-4D18-BD24-1C49CBEF5D16}"
EndProject
Project("{9A19103F-16F7-4668-BE54-9A1E7A4F7556}") = "05-Pole-310-Soucet-nejbliz-nule", "05-Pole-310-Soucet-nejbliz-nule\05-Pole-310-Soucet-nejbliz-nule.csproj", "{39D93FB7-A341-4D46-9E80-43AB3EDC3C32}"
EndProject
Project("{9A19103F-16F7-4668-BE54-9A1E7A4F7556}") = "05-Pole-300-Dvojice-daneho-souctu", "05-Pole-300-Dvojice-daneho-souctu\05-Pole-300-Dvojice-daneho-souctu.csproj", "{B754A8C8-5E23-43D8-B44E-CE1C80127B35}"
EndProject
Project("{9A19103F-16F7-4668-BE54-9A1E7A4F7556}") = "05-Pole-290-Prunik", "05-Pole-290-Prunik\05-Pole-290-Prunik.csproj", "{9C9FABD9-EDF5-43DA-9572-7740F15C3688}"
EndProject
Project("{9A19103F-16F7-4668-BE54-9A1E7A4F7556}") = "05-Pole-280-Presun-nuly-na-konec", "05-Pole-280-Presun-nuly-na-konec\05-Pole-280-Presun-nuly-na-konec.csproj", "{F704EF3D-08CE-4599-9C42-87E8BD72D321}"
EndProject
Project("{9A19103F-16F7-4668-BE54-9A1E7A4F7556}") = "05-Pole-270-Zarotuj-pole", "05-Pole-270-Zarotuj-pole\05-Pole-270-Zarotuj-pole.csproj", "{A50AEE88-EC52-40A5-B787-3D4CE2923133}"
EndProject
Project("{9A19103F-16F7-4668-BE54-9A1E7A4F7556}") = "05-Pole-260-Obracene-pole", "05-Pole-260-Obracene-pole\05-Pole-260-Obracene-pole.csproj", "{3111D80C-BFCA-4DE3-8321-D796469C64E0}"
EndProject
Project("{9A19103F-16F7-4668-BE54-9A1E7A4F7556}") = "05-Pole-250-Stoupajici-rada", "05-Pole-250-Stoupajici-rada\05-Pole-250-Stoupajici-rada.csproj", "{87BD44A8-2DC1-411C-950F-99DFBF7F6250}"
EndProject
Project("{9A19103F-16F7-4668-BE54-9A1E7A4F7556}") = "05-Pole-240-Pravdepodobnost-3-(Bonus)", "05-Pole-240-Pravdepodobnost-3-(Bonus)\05-Pole-240-Pravdepodobnost-3-(Bonus).csproj", "{B8F4B4BF-88DB-4B58-84DA-D6D3110B972D}"
EndProject
Project("{9A19103F-16F7-4668-BE54-9A1E7A4F7556}") = "05-Pole-230-Pravdepodobnost-2", "05-Pole-230-Pravdepodobnost-2\05-Pole-230-Pravdepodobnost-2.csproj", "{2F248041-0A1D-4DD1-A0C6-6EA08D7E009A}"
EndProject
Project("{9A19103F-16F7-4668-BE54-9A1E7A4F7556}") = "05-Pole-220-Pravdepodobnost-1", "05-Pole-220-Pravdepodobnost-1\05-Pole-220-Pravdepodobnost-1.csproj", "{7D227695-039B-4B8B-9F7D-38B217ED40ED}"
EndProject
Project("{9A19103F-16F7-4668-BE54-9A1E7A4F7556}") = "05-Pole-210-Histogram-2", "05-Pole-210-Histogram-2\05-Pole-210-Histogram-2.csproj", "{6C9C956A-D5E5-4E4A-80F3-D233FFFD3DC3}"
EndProject
Project("{9A19103F-16F7-4668-BE54-9A1E7A4F7556}") = "05-Pole-200-Histogram-1", "05-Pole-200-Histogram-1\05-Pole-200-Histogram-1.csproj", "{D6020835-A66F-4ED4-AF65-07E0162CBEEA}"
EndProject
Project("{9A19103F-16F7-4668-BE54-9A1E7A4F7556}") = "05-Pole-190-Kdo-udelal-nehodu", "05-Pole-190-Kdo-udelal-nehodu\05-Pole-190-Kdo-udelal-nehodu.csproj", "{4FB16684-263F-4F1A-A8EF-327C9D878242}"
EndProject
Project("{9A19103F-16F7-4668-BE54-9A1E7A4F7556}") = "05-Pole-180-Nejdelsi-jizda", "05-Pole-180-Nejdelsi-jizda\05-Pole-180-Nejdelsi-jizda.csproj", "{86AEB699-3AF0-4B85-8E2A-3813B9CEE722}"
EndProject
Project("{9A19103F-16F7-4668-BE54-9A1E7A4F7556}") = "05-Pole-170-Slova-s-velkym-pismenem", "05-Pole-170-Slova-s-velkym-pismenem\05-Pole-170-Slova-s-velkym-pismenem.csproj", "{75573699-431D-4432-B0A9-27089B493A2C}"
EndProject
Project("{9A19103F-16F7-4668-BE54-9A1E7A4F7556}") = "05-Pole-160-Druha-pismena", "05-Pole-160-Druha-pismena\05-Pole-160-Druha-pismena.csproj", "{83A4BCA1-AE47-42D6-9500-4052857A36BF}"
EndProject
Project("{9A19103F-16F7-4668-BE54-9A1E7A4F7556}") = "05-Pole-150-Je-pole-setrizene", "05-Pole-150-Je-pole-setrizene\05-Pole-150-Je-pole-setrizene.csproj", "{71BFCA0E-53ED-4F49-A9AC-4B3642664676}"
EndProject
Project("{2150E333-8FDC-42A3-9474-1A3956D46DE8}") = "06-Metody", "06-Metody", "{4B674581-397B-45F9-9825-093FAF9913AD}"
EndProject
Project("{9A19103F-16F7-4668-BE54-9A1E7A4F7556}") = "06-Metody-010-Kdo-prijde", "06-Metody-010-Kdo-prijde\06-Metody-010-Kdo-prijde.csproj", "{A51E0514-90F5-4957-826E-0087268BB700}"
EndProject
Project("{9A19103F-16F7-4668-BE54-9A1E7A4F7556}") = "06-Metody-020-Kdo-prijde-II", "06-Metody-020-Kdo-prijde-II\06-Metody-020-Kdo-prijde-II.csproj", "{1F726754-EB73-410D-8B24-95ECD321C0CE}"
EndProject
Project("{9A19103F-16F7-4668-BE54-9A1E7A4F7556}") = "06-Metody-030-Kamaradi", "06-Metody-030-Kamaradi\06-Metody-030-Kamaradi.csproj", "{0CC15C2A-D7F7-44BD-97FD-EB0F7DBF8F4A}"
EndProject
Project("{9A19103F-16F7-4668-BE54-9A1E7A4F7556}") = "06-Metody-040-Soucin", "06-Metody-040-Soucin\06-Metody-040-Soucin.csproj", "{6F1F5CE6-6159-48A2-A50B-0A27135B9577}"
EndProject
Project("{9A19103F-16F7-4668-BE54-9A1E7A4F7556}") = "06-Metody-050-Obvod-kruhu", "06-Metody-050-Obvod-kruhu\06-Metody-050-Obvod-kruhu.csproj", "{D56F96C5-20FF-4AFF-A856-B103ACE903BC}"
EndProject
Global
	GlobalSection(SolutionConfigurationPlatforms) = preSolution
		Debug|Any CPU = Debug|Any CPU
		Release|Any CPU = Release|Any CPU
	EndGlobalSection
	GlobalSection(ProjectConfigurationPlatforms) = postSolution
		{56EAED74-25E5-4C02-8572-759BC0E74931}.Debug|Any CPU.ActiveCfg = Debug|Any CPU
		{56EAED74-25E5-4C02-8572-759BC0E74931}.Debug|Any CPU.Build.0 = Debug|Any CPU
		{56EAED74-25E5-4C02-8572-759BC0E74931}.Release|Any CPU.ActiveCfg = Release|Any CPU
		{56EAED74-25E5-4C02-8572-759BC0E74931}.Release|Any CPU.Build.0 = Release|Any CPU
		{0D156B0A-95C1-465A-B25C-9086A98D0E87}.Debug|Any CPU.ActiveCfg = Debug|Any CPU
		{0D156B0A-95C1-465A-B25C-9086A98D0E87}.Debug|Any CPU.Build.0 = Debug|Any CPU
		{0D156B0A-95C1-465A-B25C-9086A98D0E87}.Release|Any CPU.ActiveCfg = Release|Any CPU
		{0D156B0A-95C1-465A-B25C-9086A98D0E87}.Release|Any CPU.Build.0 = Release|Any CPU
		{2D03F30A-3270-461D-B8F5-753789CB3C19}.Debug|Any CPU.ActiveCfg = Debug|Any CPU
		{2D03F30A-3270-461D-B8F5-753789CB3C19}.Debug|Any CPU.Build.0 = Debug|Any CPU
		{2D03F30A-3270-461D-B8F5-753789CB3C19}.Release|Any CPU.ActiveCfg = Release|Any CPU
		{2D03F30A-3270-461D-B8F5-753789CB3C19}.Release|Any CPU.Build.0 = Release|Any CPU
		{6CB6F557-C513-4B2D-9767-33B1C1249AA8}.Debug|Any CPU.ActiveCfg = Debug|Any CPU
		{6CB6F557-C513-4B2D-9767-33B1C1249AA8}.Debug|Any CPU.Build.0 = Debug|Any CPU
		{6CB6F557-C513-4B2D-9767-33B1C1249AA8}.Release|Any CPU.ActiveCfg = Release|Any CPU
		{6CB6F557-C513-4B2D-9767-33B1C1249AA8}.Release|Any CPU.Build.0 = Release|Any CPU
		{E6431740-287F-46F3-9F60-2363483C5AE9}.Debug|Any CPU.ActiveCfg = Debug|Any CPU
		{E6431740-287F-46F3-9F60-2363483C5AE9}.Debug|Any CPU.Build.0 = Debug|Any CPU
		{E6431740-287F-46F3-9F60-2363483C5AE9}.Release|Any CPU.ActiveCfg = Release|Any CPU
		{E6431740-287F-46F3-9F60-2363483C5AE9}.Release|Any CPU.Build.0 = Release|Any CPU
		{8487CADD-4ED3-41E6-8DC8-560DD0F2A7CD}.Debug|Any CPU.ActiveCfg = Debug|Any CPU
		{8487CADD-4ED3-41E6-8DC8-560DD0F2A7CD}.Debug|Any CPU.Build.0 = Debug|Any CPU
		{8487CADD-4ED3-41E6-8DC8-560DD0F2A7CD}.Release|Any CPU.ActiveCfg = Release|Any CPU
		{8487CADD-4ED3-41E6-8DC8-560DD0F2A7CD}.Release|Any CPU.Build.0 = Release|Any CPU
		{DD358810-1AE6-4D82-82BE-FA8297B76C51}.Debug|Any CPU.ActiveCfg = Debug|Any CPU
		{DD358810-1AE6-4D82-82BE-FA8297B76C51}.Debug|Any CPU.Build.0 = Debug|Any CPU
		{DD358810-1AE6-4D82-82BE-FA8297B76C51}.Release|Any CPU.ActiveCfg = Release|Any CPU
		{DD358810-1AE6-4D82-82BE-FA8297B76C51}.Release|Any CPU.Build.0 = Release|Any CPU
		{7338FF4C-A1B2-4242-A69B-E84392598EF7}.Debug|Any CPU.ActiveCfg = Debug|Any CPU
		{7338FF4C-A1B2-4242-A69B-E84392598EF7}.Debug|Any CPU.Build.0 = Debug|Any CPU
		{7338FF4C-A1B2-4242-A69B-E84392598EF7}.Release|Any CPU.ActiveCfg = Release|Any CPU
		{7338FF4C-A1B2-4242-A69B-E84392598EF7}.Release|Any CPU.Build.0 = Release|Any CPU
		{181C91BA-2160-481E-836D-5C4692B1EC53}.Debug|Any CPU.ActiveCfg = Debug|Any CPU
		{181C91BA-2160-481E-836D-5C4692B1EC53}.Debug|Any CPU.Build.0 = Debug|Any CPU
		{181C91BA-2160-481E-836D-5C4692B1EC53}.Release|Any CPU.ActiveCfg = Release|Any CPU
		{181C91BA-2160-481E-836D-5C4692B1EC53}.Release|Any CPU.Build.0 = Release|Any CPU
		{D7FD3756-4EB7-45AF-A790-B868CB4550B5}.Debug|Any CPU.ActiveCfg = Debug|Any CPU
		{D7FD3756-4EB7-45AF-A790-B868CB4550B5}.Debug|Any CPU.Build.0 = Debug|Any CPU
		{D7FD3756-4EB7-45AF-A790-B868CB4550B5}.Release|Any CPU.ActiveCfg = Release|Any CPU
		{D7FD3756-4EB7-45AF-A790-B868CB4550B5}.Release|Any CPU.Build.0 = Release|Any CPU
		{C8B1E4E8-256E-4C29-B6B9-8DF7765798C2}.Debug|Any CPU.ActiveCfg = Debug|Any CPU
		{C8B1E4E8-256E-4C29-B6B9-8DF7765798C2}.Debug|Any CPU.Build.0 = Debug|Any CPU
		{C8B1E4E8-256E-4C29-B6B9-8DF7765798C2}.Release|Any CPU.ActiveCfg = Release|Any CPU
		{C8B1E4E8-256E-4C29-B6B9-8DF7765798C2}.Release|Any CPU.Build.0 = Release|Any CPU
		{E0C97FF1-3A73-4DD4-B0D6-902BF18EF0D2}.Debug|Any CPU.ActiveCfg = Debug|Any CPU
		{E0C97FF1-3A73-4DD4-B0D6-902BF18EF0D2}.Debug|Any CPU.Build.0 = Debug|Any CPU
		{E0C97FF1-3A73-4DD4-B0D6-902BF18EF0D2}.Release|Any CPU.ActiveCfg = Release|Any CPU
		{E0C97FF1-3A73-4DD4-B0D6-902BF18EF0D2}.Release|Any CPU.Build.0 = Release|Any CPU
		{A788A40B-37BA-485A-A514-8FD308701469}.Debug|Any CPU.ActiveCfg = Debug|Any CPU
		{A788A40B-37BA-485A-A514-8FD308701469}.Debug|Any CPU.Build.0 = Debug|Any CPU
		{A788A40B-37BA-485A-A514-8FD308701469}.Release|Any CPU.ActiveCfg = Release|Any CPU
		{A788A40B-37BA-485A-A514-8FD308701469}.Release|Any CPU.Build.0 = Release|Any CPU
		{99D96287-64D4-4BDB-9A3C-335728E27527}.Debug|Any CPU.ActiveCfg = Debug|Any CPU
		{99D96287-64D4-4BDB-9A3C-335728E27527}.Debug|Any CPU.Build.0 = Debug|Any CPU
		{99D96287-64D4-4BDB-9A3C-335728E27527}.Release|Any CPU.ActiveCfg = Release|Any CPU
		{99D96287-64D4-4BDB-9A3C-335728E27527}.Release|Any CPU.Build.0 = Release|Any CPU
		{F69DE01B-DBB1-4982-8074-965B3F29617F}.Debug|Any CPU.ActiveCfg = Debug|Any CPU
		{F69DE01B-DBB1-4982-8074-965B3F29617F}.Debug|Any CPU.Build.0 = Debug|Any CPU
		{F69DE01B-DBB1-4982-8074-965B3F29617F}.Release|Any CPU.ActiveCfg = Release|Any CPU
		{F69DE01B-DBB1-4982-8074-965B3F29617F}.Release|Any CPU.Build.0 = Release|Any CPU
		{04B160EF-5CE3-49B4-BD6E-F2F23C3CCD5F}.Debug|Any CPU.ActiveCfg = Debug|Any CPU
		{04B160EF-5CE3-49B4-BD6E-F2F23C3CCD5F}.Debug|Any CPU.Build.0 = Debug|Any CPU
		{04B160EF-5CE3-49B4-BD6E-F2F23C3CCD5F}.Release|Any CPU.ActiveCfg = Release|Any CPU
		{04B160EF-5CE3-49B4-BD6E-F2F23C3CCD5F}.Release|Any CPU.Build.0 = Release|Any CPU
		{E6DC22A3-7AA9-45DE-8180-D1C2240800E5}.Debug|Any CPU.ActiveCfg = Debug|Any CPU
		{E6DC22A3-7AA9-45DE-8180-D1C2240800E5}.Debug|Any CPU.Build.0 = Debug|Any CPU
		{E6DC22A3-7AA9-45DE-8180-D1C2240800E5}.Release|Any CPU.ActiveCfg = Release|Any CPU
		{E6DC22A3-7AA9-45DE-8180-D1C2240800E5}.Release|Any CPU.Build.0 = Release|Any CPU
		{B80C5A56-BE69-46EB-8979-44CEBC4894F1}.Debug|Any CPU.ActiveCfg = Debug|Any CPU
		{B80C5A56-BE69-46EB-8979-44CEBC4894F1}.Debug|Any CPU.Build.0 = Debug|Any CPU
		{B80C5A56-BE69-46EB-8979-44CEBC4894F1}.Release|Any CPU.ActiveCfg = Release|Any CPU
		{B80C5A56-BE69-46EB-8979-44CEBC4894F1}.Release|Any CPU.Build.0 = Release|Any CPU
		{28E05597-60A8-46CF-A0C5-DD18A38BB0BA}.Debug|Any CPU.ActiveCfg = Debug|Any CPU
		{28E05597-60A8-46CF-A0C5-DD18A38BB0BA}.Debug|Any CPU.Build.0 = Debug|Any CPU
		{28E05597-60A8-46CF-A0C5-DD18A38BB0BA}.Release|Any CPU.ActiveCfg = Release|Any CPU
		{28E05597-60A8-46CF-A0C5-DD18A38BB0BA}.Release|Any CPU.Build.0 = Release|Any CPU
		{FE343ADF-96E6-42F8-A21E-F050DAE321A8}.Debug|Any CPU.ActiveCfg = Debug|Any CPU
		{FE343ADF-96E6-42F8-A21E-F050DAE321A8}.Debug|Any CPU.Build.0 = Debug|Any CPU
		{FE343ADF-96E6-42F8-A21E-F050DAE321A8}.Release|Any CPU.ActiveCfg = Release|Any CPU
		{FE343ADF-96E6-42F8-A21E-F050DAE321A8}.Release|Any CPU.Build.0 = Release|Any CPU
		{BA5BE706-0EF6-4081-9C82-0C9480185D2F}.Debug|Any CPU.ActiveCfg = Debug|Any CPU
		{BA5BE706-0EF6-4081-9C82-0C9480185D2F}.Debug|Any CPU.Build.0 = Debug|Any CPU
		{BA5BE706-0EF6-4081-9C82-0C9480185D2F}.Release|Any CPU.ActiveCfg = Release|Any CPU
		{BA5BE706-0EF6-4081-9C82-0C9480185D2F}.Release|Any CPU.Build.0 = Release|Any CPU
		{8B857B07-A806-4F41-A847-4AB22C0EB324}.Debug|Any CPU.ActiveCfg = Debug|Any CPU
		{8B857B07-A806-4F41-A847-4AB22C0EB324}.Debug|Any CPU.Build.0 = Debug|Any CPU
		{8B857B07-A806-4F41-A847-4AB22C0EB324}.Release|Any CPU.ActiveCfg = Release|Any CPU
		{8B857B07-A806-4F41-A847-4AB22C0EB324}.Release|Any CPU.Build.0 = Release|Any CPU
		{F6E577D6-CB4B-4054-94EE-A129F0762108}.Debug|Any CPU.ActiveCfg = Debug|Any CPU
		{F6E577D6-CB4B-4054-94EE-A129F0762108}.Debug|Any CPU.Build.0 = Debug|Any CPU
		{F6E577D6-CB4B-4054-94EE-A129F0762108}.Release|Any CPU.ActiveCfg = Release|Any CPU
		{F6E577D6-CB4B-4054-94EE-A129F0762108}.Release|Any CPU.Build.0 = Release|Any CPU
		{B679DBA8-CB88-4A64-941F-9C590255994D}.Debug|Any CPU.ActiveCfg = Debug|Any CPU
		{B679DBA8-CB88-4A64-941F-9C590255994D}.Debug|Any CPU.Build.0 = Debug|Any CPU
		{B679DBA8-CB88-4A64-941F-9C590255994D}.Release|Any CPU.ActiveCfg = Release|Any CPU
		{B679DBA8-CB88-4A64-941F-9C590255994D}.Release|Any CPU.Build.0 = Release|Any CPU
		{03376735-9EA7-4563-AC66-9DFD30E27DBD}.Debug|Any CPU.ActiveCfg = Debug|Any CPU
		{03376735-9EA7-4563-AC66-9DFD30E27DBD}.Debug|Any CPU.Build.0 = Debug|Any CPU
		{03376735-9EA7-4563-AC66-9DFD30E27DBD}.Release|Any CPU.ActiveCfg = Release|Any CPU
		{03376735-9EA7-4563-AC66-9DFD30E27DBD}.Release|Any CPU.Build.0 = Release|Any CPU
		{6D3A227F-55DC-4B68-B6D1-4F27E6BEEBEE}.Debug|Any CPU.ActiveCfg = Debug|Any CPU
		{6D3A227F-55DC-4B68-B6D1-4F27E6BEEBEE}.Debug|Any CPU.Build.0 = Debug|Any CPU
		{6D3A227F-55DC-4B68-B6D1-4F27E6BEEBEE}.Release|Any CPU.ActiveCfg = Release|Any CPU
		{6D3A227F-55DC-4B68-B6D1-4F27E6BEEBEE}.Release|Any CPU.Build.0 = Release|Any CPU
		{C0526C47-6744-4FA0-8973-3848DD726D86}.Debug|Any CPU.ActiveCfg = Debug|Any CPU
		{C0526C47-6744-4FA0-8973-3848DD726D86}.Debug|Any CPU.Build.0 = Debug|Any CPU
		{C0526C47-6744-4FA0-8973-3848DD726D86}.Release|Any CPU.ActiveCfg = Release|Any CPU
		{C0526C47-6744-4FA0-8973-3848DD726D86}.Release|Any CPU.Build.0 = Release|Any CPU
		{DC271F53-94E9-42D8-8028-58506F671885}.Debug|Any CPU.ActiveCfg = Debug|Any CPU
		{DC271F53-94E9-42D8-8028-58506F671885}.Debug|Any CPU.Build.0 = Debug|Any CPU
		{DC271F53-94E9-42D8-8028-58506F671885}.Release|Any CPU.ActiveCfg = Release|Any CPU
		{DC271F53-94E9-42D8-8028-58506F671885}.Release|Any CPU.Build.0 = Release|Any CPU
		{5F78F51F-67D7-4E65-878F-E51DF8F2A99C}.Debug|Any CPU.ActiveCfg = Debug|Any CPU
		{5F78F51F-67D7-4E65-878F-E51DF8F2A99C}.Debug|Any CPU.Build.0 = Debug|Any CPU
		{5F78F51F-67D7-4E65-878F-E51DF8F2A99C}.Release|Any CPU.ActiveCfg = Release|Any CPU
		{5F78F51F-67D7-4E65-878F-E51DF8F2A99C}.Release|Any CPU.Build.0 = Release|Any CPU
		{D5927227-5183-4542-8E80-354D0FFEB069}.Debug|Any CPU.ActiveCfg = Debug|Any CPU
		{D5927227-5183-4542-8E80-354D0FFEB069}.Debug|Any CPU.Build.0 = Debug|Any CPU
		{D5927227-5183-4542-8E80-354D0FFEB069}.Release|Any CPU.ActiveCfg = Release|Any CPU
		{D5927227-5183-4542-8E80-354D0FFEB069}.Release|Any CPU.Build.0 = Release|Any CPU
		{6FE8166B-D9A9-4D32-AA38-7EED3083A7A0}.Debug|Any CPU.ActiveCfg = Debug|Any CPU
		{6FE8166B-D9A9-4D32-AA38-7EED3083A7A0}.Debug|Any CPU.Build.0 = Debug|Any CPU
		{6FE8166B-D9A9-4D32-AA38-7EED3083A7A0}.Release|Any CPU.ActiveCfg = Release|Any CPU
		{6FE8166B-D9A9-4D32-AA38-7EED3083A7A0}.Release|Any CPU.Build.0 = Release|Any CPU
		{FD4423E4-FC1F-4FFF-BB4B-CB4ACCD78631}.Debug|Any CPU.ActiveCfg = Debug|Any CPU
		{FD4423E4-FC1F-4FFF-BB4B-CB4ACCD78631}.Debug|Any CPU.Build.0 = Debug|Any CPU
		{FD4423E4-FC1F-4FFF-BB4B-CB4ACCD78631}.Release|Any CPU.ActiveCfg = Release|Any CPU
		{FD4423E4-FC1F-4FFF-BB4B-CB4ACCD78631}.Release|Any CPU.Build.0 = Release|Any CPU
		{B77EA176-AEE3-460D-90BD-B6E47B35B396}.Debug|Any CPU.ActiveCfg = Debug|Any CPU
		{B77EA176-AEE3-460D-90BD-B6E47B35B396}.Debug|Any CPU.Build.0 = Debug|Any CPU
		{B77EA176-AEE3-460D-90BD-B6E47B35B396}.Release|Any CPU.ActiveCfg = Release|Any CPU
		{B77EA176-AEE3-460D-90BD-B6E47B35B396}.Release|Any CPU.Build.0 = Release|Any CPU
		{E81EB37F-E338-4DA2-A570-B91C4D42757C}.Debug|Any CPU.ActiveCfg = Debug|Any CPU
		{E81EB37F-E338-4DA2-A570-B91C4D42757C}.Debug|Any CPU.Build.0 = Debug|Any CPU
		{E81EB37F-E338-4DA2-A570-B91C4D42757C}.Release|Any CPU.ActiveCfg = Release|Any CPU
		{E81EB37F-E338-4DA2-A570-B91C4D42757C}.Release|Any CPU.Build.0 = Release|Any CPU
		{29C98FA2-8E96-411D-B9A7-F55141507F6C}.Debug|Any CPU.ActiveCfg = Debug|Any CPU
		{29C98FA2-8E96-411D-B9A7-F55141507F6C}.Debug|Any CPU.Build.0 = Debug|Any CPU
		{29C98FA2-8E96-411D-B9A7-F55141507F6C}.Release|Any CPU.ActiveCfg = Release|Any CPU
		{29C98FA2-8E96-411D-B9A7-F55141507F6C}.Release|Any CPU.Build.0 = Release|Any CPU
		{2E72055E-FB70-4190-988F-F69A8BF1D376}.Debug|Any CPU.ActiveCfg = Debug|Any CPU
		{2E72055E-FB70-4190-988F-F69A8BF1D376}.Debug|Any CPU.Build.0 = Debug|Any CPU
		{2E72055E-FB70-4190-988F-F69A8BF1D376}.Release|Any CPU.ActiveCfg = Release|Any CPU
		{2E72055E-FB70-4190-988F-F69A8BF1D376}.Release|Any CPU.Build.0 = Release|Any CPU
		{210C5A76-D8A2-43B5-B6E3-29DB91437564}.Debug|Any CPU.ActiveCfg = Debug|Any CPU
		{210C5A76-D8A2-43B5-B6E3-29DB91437564}.Debug|Any CPU.Build.0 = Debug|Any CPU
		{210C5A76-D8A2-43B5-B6E3-29DB91437564}.Release|Any CPU.ActiveCfg = Release|Any CPU
		{210C5A76-D8A2-43B5-B6E3-29DB91437564}.Release|Any CPU.Build.0 = Release|Any CPU
		{5CC25E9E-483F-429D-BF51-EC38D2D75B6F}.Debug|Any CPU.ActiveCfg = Debug|Any CPU
		{5CC25E9E-483F-429D-BF51-EC38D2D75B6F}.Debug|Any CPU.Build.0 = Debug|Any CPU
		{5CC25E9E-483F-429D-BF51-EC38D2D75B6F}.Release|Any CPU.ActiveCfg = Release|Any CPU
		{5CC25E9E-483F-429D-BF51-EC38D2D75B6F}.Release|Any CPU.Build.0 = Release|Any CPU
		{0F00F905-C725-46F7-8416-63AA31749275}.Debug|Any CPU.ActiveCfg = Debug|Any CPU
		{0F00F905-C725-46F7-8416-63AA31749275}.Debug|Any CPU.Build.0 = Debug|Any CPU
		{0F00F905-C725-46F7-8416-63AA31749275}.Release|Any CPU.ActiveCfg = Release|Any CPU
		{0F00F905-C725-46F7-8416-63AA31749275}.Release|Any CPU.Build.0 = Release|Any CPU
		{68BC633C-A4DA-4E7D-8FE7-3F4EF0842448}.Debug|Any CPU.ActiveCfg = Debug|Any CPU
		{68BC633C-A4DA-4E7D-8FE7-3F4EF0842448}.Debug|Any CPU.Build.0 = Debug|Any CPU
		{68BC633C-A4DA-4E7D-8FE7-3F4EF0842448}.Release|Any CPU.ActiveCfg = Release|Any CPU
		{68BC633C-A4DA-4E7D-8FE7-3F4EF0842448}.Release|Any CPU.Build.0 = Release|Any CPU
		{EB02C4A8-C918-4249-A207-25690DC4ECB0}.Debug|Any CPU.ActiveCfg = Debug|Any CPU
		{EB02C4A8-C918-4249-A207-25690DC4ECB0}.Debug|Any CPU.Build.0 = Debug|Any CPU
		{EB02C4A8-C918-4249-A207-25690DC4ECB0}.Release|Any CPU.ActiveCfg = Release|Any CPU
		{EB02C4A8-C918-4249-A207-25690DC4ECB0}.Release|Any CPU.Build.0 = Release|Any CPU
		{D8FCA9A9-D1B6-4079-9B9D-552D1C6D0B61}.Debug|Any CPU.ActiveCfg = Debug|Any CPU
		{D8FCA9A9-D1B6-4079-9B9D-552D1C6D0B61}.Debug|Any CPU.Build.0 = Debug|Any CPU
		{D8FCA9A9-D1B6-4079-9B9D-552D1C6D0B61}.Release|Any CPU.ActiveCfg = Release|Any CPU
		{D8FCA9A9-D1B6-4079-9B9D-552D1C6D0B61}.Release|Any CPU.Build.0 = Release|Any CPU
		{5B97F812-3E12-4BF6-896B-8B0430C4186C}.Debug|Any CPU.ActiveCfg = Debug|Any CPU
		{5B97F812-3E12-4BF6-896B-8B0430C4186C}.Debug|Any CPU.Build.0 = Debug|Any CPU
		{5B97F812-3E12-4BF6-896B-8B0430C4186C}.Release|Any CPU.ActiveCfg = Release|Any CPU
		{5B97F812-3E12-4BF6-896B-8B0430C4186C}.Release|Any CPU.Build.0 = Release|Any CPU
		{51D96A07-2F42-4BF0-972D-E30F4509A994}.Debug|Any CPU.ActiveCfg = Debug|Any CPU
		{51D96A07-2F42-4BF0-972D-E30F4509A994}.Debug|Any CPU.Build.0 = Debug|Any CPU
		{51D96A07-2F42-4BF0-972D-E30F4509A994}.Release|Any CPU.ActiveCfg = Release|Any CPU
		{51D96A07-2F42-4BF0-972D-E30F4509A994}.Release|Any CPU.Build.0 = Release|Any CPU
		{556415CC-6452-4EE2-92D0-21992822AF61}.Debug|Any CPU.ActiveCfg = Debug|Any CPU
		{556415CC-6452-4EE2-92D0-21992822AF61}.Debug|Any CPU.Build.0 = Debug|Any CPU
		{556415CC-6452-4EE2-92D0-21992822AF61}.Release|Any CPU.ActiveCfg = Release|Any CPU
		{556415CC-6452-4EE2-92D0-21992822AF61}.Release|Any CPU.Build.0 = Release|Any CPU
		{F7F0E315-8A8E-4441-A91B-AFF6456F28E0}.Debug|Any CPU.ActiveCfg = Debug|Any CPU
		{F7F0E315-8A8E-4441-A91B-AFF6456F28E0}.Debug|Any CPU.Build.0 = Debug|Any CPU
		{F7F0E315-8A8E-4441-A91B-AFF6456F28E0}.Release|Any CPU.ActiveCfg = Release|Any CPU
		{F7F0E315-8A8E-4441-A91B-AFF6456F28E0}.Release|Any CPU.Build.0 = Release|Any CPU
		{3C87E54D-CB48-4A93-97C7-CB2E8F9325B9}.Debug|Any CPU.ActiveCfg = Debug|Any CPU
		{3C87E54D-CB48-4A93-97C7-CB2E8F9325B9}.Debug|Any CPU.Build.0 = Debug|Any CPU
		{3C87E54D-CB48-4A93-97C7-CB2E8F9325B9}.Release|Any CPU.ActiveCfg = Release|Any CPU
		{3C87E54D-CB48-4A93-97C7-CB2E8F9325B9}.Release|Any CPU.Build.0 = Release|Any CPU
		{CBBB41E4-661F-419A-994B-8A8B5001EA61}.Debug|Any CPU.ActiveCfg = Debug|Any CPU
		{CBBB41E4-661F-419A-994B-8A8B5001EA61}.Debug|Any CPU.Build.0 = Debug|Any CPU
		{CBBB41E4-661F-419A-994B-8A8B5001EA61}.Release|Any CPU.ActiveCfg = Release|Any CPU
		{CBBB41E4-661F-419A-994B-8A8B5001EA61}.Release|Any CPU.Build.0 = Release|Any CPU
		{5772BE11-61AA-470F-8098-F6E378FFDD48}.Debug|Any CPU.ActiveCfg = Debug|Any CPU
		{5772BE11-61AA-470F-8098-F6E378FFDD48}.Debug|Any CPU.Build.0 = Debug|Any CPU
		{5772BE11-61AA-470F-8098-F6E378FFDD48}.Release|Any CPU.ActiveCfg = Release|Any CPU
		{5772BE11-61AA-470F-8098-F6E378FFDD48}.Release|Any CPU.Build.0 = Release|Any CPU
		{30AFFC79-F4E0-4005-8F6E-FA65277246E1}.Debug|Any CPU.ActiveCfg = Debug|Any CPU
		{30AFFC79-F4E0-4005-8F6E-FA65277246E1}.Debug|Any CPU.Build.0 = Debug|Any CPU
		{30AFFC79-F4E0-4005-8F6E-FA65277246E1}.Release|Any CPU.ActiveCfg = Release|Any CPU
		{30AFFC79-F4E0-4005-8F6E-FA65277246E1}.Release|Any CPU.Build.0 = Release|Any CPU
		{BA1E31BD-6DC4-47F6-A1FE-0E02F8D459DC}.Debug|Any CPU.ActiveCfg = Debug|Any CPU
		{BA1E31BD-6DC4-47F6-A1FE-0E02F8D459DC}.Debug|Any CPU.Build.0 = Debug|Any CPU
		{BA1E31BD-6DC4-47F6-A1FE-0E02F8D459DC}.Release|Any CPU.ActiveCfg = Release|Any CPU
		{BA1E31BD-6DC4-47F6-A1FE-0E02F8D459DC}.Release|Any CPU.Build.0 = Release|Any CPU
		{89F8FEB2-8233-44AA-AA4B-D7432C42DFFB}.Debug|Any CPU.ActiveCfg = Debug|Any CPU
		{89F8FEB2-8233-44AA-AA4B-D7432C42DFFB}.Debug|Any CPU.Build.0 = Debug|Any CPU
		{89F8FEB2-8233-44AA-AA4B-D7432C42DFFB}.Release|Any CPU.ActiveCfg = Release|Any CPU
		{89F8FEB2-8233-44AA-AA4B-D7432C42DFFB}.Release|Any CPU.Build.0 = Release|Any CPU
		{123BB1FD-E02C-478A-91C5-3ECFB389EC25}.Debug|Any CPU.ActiveCfg = Debug|Any CPU
		{123BB1FD-E02C-478A-91C5-3ECFB389EC25}.Debug|Any CPU.Build.0 = Debug|Any CPU
		{123BB1FD-E02C-478A-91C5-3ECFB389EC25}.Release|Any CPU.ActiveCfg = Release|Any CPU
		{123BB1FD-E02C-478A-91C5-3ECFB389EC25}.Release|Any CPU.Build.0 = Release|Any CPU
		{C5775108-0187-4731-B6C4-F99CD4179968}.Debug|Any CPU.ActiveCfg = Debug|Any CPU
		{C5775108-0187-4731-B6C4-F99CD4179968}.Debug|Any CPU.Build.0 = Debug|Any CPU
		{C5775108-0187-4731-B6C4-F99CD4179968}.Release|Any CPU.ActiveCfg = Release|Any CPU
		{C5775108-0187-4731-B6C4-F99CD4179968}.Release|Any CPU.Build.0 = Release|Any CPU
		{9537FD9C-1250-4D01-93B9-1B0328085D8D}.Debug|Any CPU.ActiveCfg = Debug|Any CPU
		{9537FD9C-1250-4D01-93B9-1B0328085D8D}.Debug|Any CPU.Build.0 = Debug|Any CPU
		{9537FD9C-1250-4D01-93B9-1B0328085D8D}.Release|Any CPU.ActiveCfg = Release|Any CPU
		{9537FD9C-1250-4D01-93B9-1B0328085D8D}.Release|Any CPU.Build.0 = Release|Any CPU
		{0DA7ED1C-0E71-439F-A065-F68A77602500}.Debug|Any CPU.ActiveCfg = Debug|Any CPU
		{0DA7ED1C-0E71-439F-A065-F68A77602500}.Debug|Any CPU.Build.0 = Debug|Any CPU
		{0DA7ED1C-0E71-439F-A065-F68A77602500}.Release|Any CPU.ActiveCfg = Release|Any CPU
		{0DA7ED1C-0E71-439F-A065-F68A77602500}.Release|Any CPU.Build.0 = Release|Any CPU
		{CB8AABBD-3276-44D1-9212-5B5E0EFF9EA7}.Debug|Any CPU.ActiveCfg = Debug|Any CPU
		{CB8AABBD-3276-44D1-9212-5B5E0EFF9EA7}.Debug|Any CPU.Build.0 = Debug|Any CPU
		{CB8AABBD-3276-44D1-9212-5B5E0EFF9EA7}.Release|Any CPU.ActiveCfg = Release|Any CPU
		{CB8AABBD-3276-44D1-9212-5B5E0EFF9EA7}.Release|Any CPU.Build.0 = Release|Any CPU
		{28B19CB1-6989-4FE2-B286-8E18B296A0A2}.Debug|Any CPU.ActiveCfg = Debug|Any CPU
		{28B19CB1-6989-4FE2-B286-8E18B296A0A2}.Debug|Any CPU.Build.0 = Debug|Any CPU
		{28B19CB1-6989-4FE2-B286-8E18B296A0A2}.Release|Any CPU.ActiveCfg = Release|Any CPU
		{28B19CB1-6989-4FE2-B286-8E18B296A0A2}.Release|Any CPU.Build.0 = Release|Any CPU
		{525E3BFD-AB32-4BEF-AEDC-087337C96E1D}.Debug|Any CPU.ActiveCfg = Debug|Any CPU
		{525E3BFD-AB32-4BEF-AEDC-087337C96E1D}.Debug|Any CPU.Build.0 = Debug|Any CPU
		{525E3BFD-AB32-4BEF-AEDC-087337C96E1D}.Release|Any CPU.ActiveCfg = Release|Any CPU
		{525E3BFD-AB32-4BEF-AEDC-087337C96E1D}.Release|Any CPU.Build.0 = Release|Any CPU
		{41CFC953-BE69-4E5E-A003-3CD3D5F71CF3}.Debug|Any CPU.ActiveCfg = Debug|Any CPU
		{41CFC953-BE69-4E5E-A003-3CD3D5F71CF3}.Debug|Any CPU.Build.0 = Debug|Any CPU
		{41CFC953-BE69-4E5E-A003-3CD3D5F71CF3}.Release|Any CPU.ActiveCfg = Release|Any CPU
		{41CFC953-BE69-4E5E-A003-3CD3D5F71CF3}.Release|Any CPU.Build.0 = Release|Any CPU
		{D1BCBA05-618C-49FE-9833-BBB876F29AEC}.Debug|Any CPU.ActiveCfg = Debug|Any CPU
		{D1BCBA05-618C-49FE-9833-BBB876F29AEC}.Debug|Any CPU.Build.0 = Debug|Any CPU
		{D1BCBA05-618C-49FE-9833-BBB876F29AEC}.Release|Any CPU.ActiveCfg = Release|Any CPU
		{D1BCBA05-618C-49FE-9833-BBB876F29AEC}.Release|Any CPU.Build.0 = Release|Any CPU
		{0B050B4F-AB15-43CE-9AC2-098426CEAD0A}.Debug|Any CPU.ActiveCfg = Debug|Any CPU
		{0B050B4F-AB15-43CE-9AC2-098426CEAD0A}.Debug|Any CPU.Build.0 = Debug|Any CPU
		{0B050B4F-AB15-43CE-9AC2-098426CEAD0A}.Release|Any CPU.ActiveCfg = Release|Any CPU
		{0B050B4F-AB15-43CE-9AC2-098426CEAD0A}.Release|Any CPU.Build.0 = Release|Any CPU
		{5951E181-5A5D-48E6-B47C-A0BB7E55D158}.Debug|Any CPU.ActiveCfg = Debug|Any CPU
		{5951E181-5A5D-48E6-B47C-A0BB7E55D158}.Debug|Any CPU.Build.0 = Debug|Any CPU
		{5951E181-5A5D-48E6-B47C-A0BB7E55D158}.Release|Any CPU.ActiveCfg = Release|Any CPU
		{5951E181-5A5D-48E6-B47C-A0BB7E55D158}.Release|Any CPU.Build.0 = Release|Any CPU
		{2DEB29AC-D636-43D3-A788-2860C81010C4}.Debug|Any CPU.ActiveCfg = Debug|Any CPU
		{2DEB29AC-D636-43D3-A788-2860C81010C4}.Debug|Any CPU.Build.0 = Debug|Any CPU
		{2DEB29AC-D636-43D3-A788-2860C81010C4}.Release|Any CPU.ActiveCfg = Release|Any CPU
		{2DEB29AC-D636-43D3-A788-2860C81010C4}.Release|Any CPU.Build.0 = Release|Any CPU
		{6FACE213-1489-47DF-94F2-B756AE73E69B}.Debug|Any CPU.ActiveCfg = Debug|Any CPU
		{6FACE213-1489-47DF-94F2-B756AE73E69B}.Debug|Any CPU.Build.0 = Debug|Any CPU
		{6FACE213-1489-47DF-94F2-B756AE73E69B}.Release|Any CPU.ActiveCfg = Release|Any CPU
		{6FACE213-1489-47DF-94F2-B756AE73E69B}.Release|Any CPU.Build.0 = Release|Any CPU
		{C0A16624-AB1F-4C30-AA4A-D53A2CC20DBE}.Debug|Any CPU.ActiveCfg = Debug|Any CPU
		{C0A16624-AB1F-4C30-AA4A-D53A2CC20DBE}.Debug|Any CPU.Build.0 = Debug|Any CPU
		{C0A16624-AB1F-4C30-AA4A-D53A2CC20DBE}.Release|Any CPU.ActiveCfg = Release|Any CPU
		{C0A16624-AB1F-4C30-AA4A-D53A2CC20DBE}.Release|Any CPU.Build.0 = Release|Any CPU
		{80804EB0-74DE-4FFA-9D63-C11DEC677055}.Debug|Any CPU.ActiveCfg = Debug|Any CPU
		{80804EB0-74DE-4FFA-9D63-C11DEC677055}.Debug|Any CPU.Build.0 = Debug|Any CPU
		{80804EB0-74DE-4FFA-9D63-C11DEC677055}.Release|Any CPU.ActiveCfg = Release|Any CPU
		{80804EB0-74DE-4FFA-9D63-C11DEC677055}.Release|Any CPU.Build.0 = Release|Any CPU
		{1A0FC813-38EE-42FE-9B73-54AE5834E22B}.Debug|Any CPU.ActiveCfg = Debug|Any CPU
		{1A0FC813-38EE-42FE-9B73-54AE5834E22B}.Debug|Any CPU.Build.0 = Debug|Any CPU
		{1A0FC813-38EE-42FE-9B73-54AE5834E22B}.Release|Any CPU.ActiveCfg = Release|Any CPU
		{1A0FC813-38EE-42FE-9B73-54AE5834E22B}.Release|Any CPU.Build.0 = Release|Any CPU
		{C561C9D1-0A25-4E70-8559-B892C3A54759}.Debug|Any CPU.ActiveCfg = Debug|Any CPU
		{C561C9D1-0A25-4E70-8559-B892C3A54759}.Debug|Any CPU.Build.0 = Debug|Any CPU
		{C561C9D1-0A25-4E70-8559-B892C3A54759}.Release|Any CPU.ActiveCfg = Release|Any CPU
		{C561C9D1-0A25-4E70-8559-B892C3A54759}.Release|Any CPU.Build.0 = Release|Any CPU
		{5DA30170-104C-44A3-8006-4BA38F53B7B3}.Debug|Any CPU.ActiveCfg = Debug|Any CPU
		{5DA30170-104C-44A3-8006-4BA38F53B7B3}.Debug|Any CPU.Build.0 = Debug|Any CPU
		{5DA30170-104C-44A3-8006-4BA38F53B7B3}.Release|Any CPU.ActiveCfg = Release|Any CPU
		{5DA30170-104C-44A3-8006-4BA38F53B7B3}.Release|Any CPU.Build.0 = Release|Any CPU
		{2817F96D-462F-4DC3-ABDC-9E68893CB31F}.Debug|Any CPU.ActiveCfg = Debug|Any CPU
		{2817F96D-462F-4DC3-ABDC-9E68893CB31F}.Debug|Any CPU.Build.0 = Debug|Any CPU
		{2817F96D-462F-4DC3-ABDC-9E68893CB31F}.Release|Any CPU.ActiveCfg = Release|Any CPU
		{2817F96D-462F-4DC3-ABDC-9E68893CB31F}.Release|Any CPU.Build.0 = Release|Any CPU
		{4E1F9E55-7AB7-4041-9A1B-E0DEA017B282}.Debug|Any CPU.ActiveCfg = Debug|Any CPU
		{4E1F9E55-7AB7-4041-9A1B-E0DEA017B282}.Debug|Any CPU.Build.0 = Debug|Any CPU
		{4E1F9E55-7AB7-4041-9A1B-E0DEA017B282}.Release|Any CPU.ActiveCfg = Release|Any CPU
		{4E1F9E55-7AB7-4041-9A1B-E0DEA017B282}.Release|Any CPU.Build.0 = Release|Any CPU
		{8A2596AC-B1D0-46CF-8AC1-1FEAAA4F4A37}.Debug|Any CPU.ActiveCfg = Debug|Any CPU
		{8A2596AC-B1D0-46CF-8AC1-1FEAAA4F4A37}.Debug|Any CPU.Build.0 = Debug|Any CPU
		{8A2596AC-B1D0-46CF-8AC1-1FEAAA4F4A37}.Release|Any CPU.ActiveCfg = Release|Any CPU
		{8A2596AC-B1D0-46CF-8AC1-1FEAAA4F4A37}.Release|Any CPU.Build.0 = Release|Any CPU
		{A5028E47-7BFF-4DB7-8B53-3960DDB71BAA}.Debug|Any CPU.ActiveCfg = Debug|Any CPU
		{A5028E47-7BFF-4DB7-8B53-3960DDB71BAA}.Debug|Any CPU.Build.0 = Debug|Any CPU
		{A5028E47-7BFF-4DB7-8B53-3960DDB71BAA}.Release|Any CPU.ActiveCfg = Release|Any CPU
		{A5028E47-7BFF-4DB7-8B53-3960DDB71BAA}.Release|Any CPU.Build.0 = Release|Any CPU
		{9F0B518A-9E29-4211-B1CF-364BBFE99341}.Debug|Any CPU.ActiveCfg = Debug|Any CPU
		{9F0B518A-9E29-4211-B1CF-364BBFE99341}.Debug|Any CPU.Build.0 = Debug|Any CPU
		{9F0B518A-9E29-4211-B1CF-364BBFE99341}.Release|Any CPU.ActiveCfg = Release|Any CPU
		{9F0B518A-9E29-4211-B1CF-364BBFE99341}.Release|Any CPU.Build.0 = Release|Any CPU
		{AB6E1191-C462-479A-B08C-EA477E150DD7}.Debug|Any CPU.ActiveCfg = Debug|Any CPU
		{AB6E1191-C462-479A-B08C-EA477E150DD7}.Debug|Any CPU.Build.0 = Debug|Any CPU
		{AB6E1191-C462-479A-B08C-EA477E150DD7}.Release|Any CPU.ActiveCfg = Release|Any CPU
		{AB6E1191-C462-479A-B08C-EA477E150DD7}.Release|Any CPU.Build.0 = Release|Any CPU
		{4FCBEBD2-5AAD-4A33-A3C5-71D52E6C6A46}.Debug|Any CPU.ActiveCfg = Debug|Any CPU
		{4FCBEBD2-5AAD-4A33-A3C5-71D52E6C6A46}.Debug|Any CPU.Build.0 = Debug|Any CPU
		{4FCBEBD2-5AAD-4A33-A3C5-71D52E6C6A46}.Release|Any CPU.ActiveCfg = Release|Any CPU
		{4FCBEBD2-5AAD-4A33-A3C5-71D52E6C6A46}.Release|Any CPU.Build.0 = Release|Any CPU
		{79F9BBD3-E2AB-46CF-B049-D9EB32365B75}.Debug|Any CPU.ActiveCfg = Debug|Any CPU
		{79F9BBD3-E2AB-46CF-B049-D9EB32365B75}.Debug|Any CPU.Build.0 = Debug|Any CPU
		{79F9BBD3-E2AB-46CF-B049-D9EB32365B75}.Release|Any CPU.ActiveCfg = Release|Any CPU
		{79F9BBD3-E2AB-46CF-B049-D9EB32365B75}.Release|Any CPU.Build.0 = Release|Any CPU
		{3FE883A8-00F0-4B10-BB5E-17246BAE4AB9}.Debug|Any CPU.ActiveCfg = Debug|Any CPU
		{3FE883A8-00F0-4B10-BB5E-17246BAE4AB9}.Debug|Any CPU.Build.0 = Debug|Any CPU
		{3FE883A8-00F0-4B10-BB5E-17246BAE4AB9}.Release|Any CPU.ActiveCfg = Release|Any CPU
		{3FE883A8-00F0-4B10-BB5E-17246BAE4AB9}.Release|Any CPU.Build.0 = Release|Any CPU
		{06DF5908-F09A-41F6-B75B-937EFBAD4A7F}.Debug|Any CPU.ActiveCfg = Debug|Any CPU
		{06DF5908-F09A-41F6-B75B-937EFBAD4A7F}.Debug|Any CPU.Build.0 = Debug|Any CPU
		{06DF5908-F09A-41F6-B75B-937EFBAD4A7F}.Release|Any CPU.ActiveCfg = Release|Any CPU
		{06DF5908-F09A-41F6-B75B-937EFBAD4A7F}.Release|Any CPU.Build.0 = Release|Any CPU
		{D4CD3B01-71F2-4801-B038-2F5E7C7575BB}.Debug|Any CPU.ActiveCfg = Debug|Any CPU
		{D4CD3B01-71F2-4801-B038-2F5E7C7575BB}.Debug|Any CPU.Build.0 = Debug|Any CPU
		{D4CD3B01-71F2-4801-B038-2F5E7C7575BB}.Release|Any CPU.ActiveCfg = Release|Any CPU
		{D4CD3B01-71F2-4801-B038-2F5E7C7575BB}.Release|Any CPU.Build.0 = Release|Any CPU
		{3328DF64-B3EB-4774-A105-446EC0191209}.Debug|Any CPU.ActiveCfg = Debug|Any CPU
		{3328DF64-B3EB-4774-A105-446EC0191209}.Debug|Any CPU.Build.0 = Debug|Any CPU
		{3328DF64-B3EB-4774-A105-446EC0191209}.Release|Any CPU.ActiveCfg = Release|Any CPU
		{3328DF64-B3EB-4774-A105-446EC0191209}.Release|Any CPU.Build.0 = Release|Any CPU
		{42850459-6115-4780-B18B-66FCE6C06310}.Debug|Any CPU.ActiveCfg = Debug|Any CPU
		{42850459-6115-4780-B18B-66FCE6C06310}.Debug|Any CPU.Build.0 = Debug|Any CPU
		{42850459-6115-4780-B18B-66FCE6C06310}.Release|Any CPU.ActiveCfg = Release|Any CPU
		{42850459-6115-4780-B18B-66FCE6C06310}.Release|Any CPU.Build.0 = Release|Any CPU
		{D40581A2-66C9-45CF-9794-6E56D75DCBC2}.Debug|Any CPU.ActiveCfg = Debug|Any CPU
		{D40581A2-66C9-45CF-9794-6E56D75DCBC2}.Debug|Any CPU.Build.0 = Debug|Any CPU
		{D40581A2-66C9-45CF-9794-6E56D75DCBC2}.Release|Any CPU.ActiveCfg = Release|Any CPU
		{D40581A2-66C9-45CF-9794-6E56D75DCBC2}.Release|Any CPU.Build.0 = Release|Any CPU
		{C2F9F3ED-D033-465C-BFC8-91CF13464A96}.Debug|Any CPU.ActiveCfg = Debug|Any CPU
		{C2F9F3ED-D033-465C-BFC8-91CF13464A96}.Debug|Any CPU.Build.0 = Debug|Any CPU
		{C2F9F3ED-D033-465C-BFC8-91CF13464A96}.Release|Any CPU.ActiveCfg = Release|Any CPU
		{C2F9F3ED-D033-465C-BFC8-91CF13464A96}.Release|Any CPU.Build.0 = Release|Any CPU
		{2456EDBC-BFE9-4BE0-99BD-95967BFDA2DF}.Debug|Any CPU.ActiveCfg = Debug|Any CPU
		{2456EDBC-BFE9-4BE0-99BD-95967BFDA2DF}.Debug|Any CPU.Build.0 = Debug|Any CPU
		{2456EDBC-BFE9-4BE0-99BD-95967BFDA2DF}.Release|Any CPU.ActiveCfg = Release|Any CPU
		{2456EDBC-BFE9-4BE0-99BD-95967BFDA2DF}.Release|Any CPU.Build.0 = Release|Any CPU
		{402F4E9D-2AC6-48FE-95FA-7889054DA05C}.Debug|Any CPU.ActiveCfg = Debug|Any CPU
		{402F4E9D-2AC6-48FE-95FA-7889054DA05C}.Debug|Any CPU.Build.0 = Debug|Any CPU
		{402F4E9D-2AC6-48FE-95FA-7889054DA05C}.Release|Any CPU.ActiveCfg = Release|Any CPU
		{402F4E9D-2AC6-48FE-95FA-7889054DA05C}.Release|Any CPU.Build.0 = Release|Any CPU
		{EE5604D9-DE1D-46A7-B90D-52F591A132C5}.Debug|Any CPU.ActiveCfg = Debug|Any CPU
		{EE5604D9-DE1D-46A7-B90D-52F591A132C5}.Debug|Any CPU.Build.0 = Debug|Any CPU
		{EE5604D9-DE1D-46A7-B90D-52F591A132C5}.Release|Any CPU.ActiveCfg = Release|Any CPU
		{EE5604D9-DE1D-46A7-B90D-52F591A132C5}.Release|Any CPU.Build.0 = Release|Any CPU
		{F53F0E10-0AC6-458B-97AF-1D11827EDC2C}.Debug|Any CPU.ActiveCfg = Debug|Any CPU
		{F53F0E10-0AC6-458B-97AF-1D11827EDC2C}.Debug|Any CPU.Build.0 = Debug|Any CPU
		{F53F0E10-0AC6-458B-97AF-1D11827EDC2C}.Release|Any CPU.ActiveCfg = Release|Any CPU
		{F53F0E10-0AC6-458B-97AF-1D11827EDC2C}.Release|Any CPU.Build.0 = Release|Any CPU
		{1BA68255-8081-4427-AB36-1BC72C9B94C3}.Debug|Any CPU.ActiveCfg = Debug|Any CPU
		{1BA68255-8081-4427-AB36-1BC72C9B94C3}.Debug|Any CPU.Build.0 = Debug|Any CPU
		{1BA68255-8081-4427-AB36-1BC72C9B94C3}.Release|Any CPU.ActiveCfg = Release|Any CPU
		{1BA68255-8081-4427-AB36-1BC72C9B94C3}.Release|Any CPU.Build.0 = Release|Any CPU
		{FE509BC5-B2EA-4309-973F-507AAFEA567B}.Debug|Any CPU.ActiveCfg = Debug|Any CPU
		{FE509BC5-B2EA-4309-973F-507AAFEA567B}.Debug|Any CPU.Build.0 = Debug|Any CPU
		{FE509BC5-B2EA-4309-973F-507AAFEA567B}.Release|Any CPU.ActiveCfg = Release|Any CPU
		{FE509BC5-B2EA-4309-973F-507AAFEA567B}.Release|Any CPU.Build.0 = Release|Any CPU
		{5D6FFD0E-84A4-4EBD-A056-599C6553D90E}.Debug|Any CPU.ActiveCfg = Debug|Any CPU
		{5D6FFD0E-84A4-4EBD-A056-599C6553D90E}.Debug|Any CPU.Build.0 = Debug|Any CPU
		{5D6FFD0E-84A4-4EBD-A056-599C6553D90E}.Release|Any CPU.ActiveCfg = Release|Any CPU
		{5D6FFD0E-84A4-4EBD-A056-599C6553D90E}.Release|Any CPU.Build.0 = Release|Any CPU
		{D34571C4-6ABE-4EE6-8237-DC5A6D2DD21E}.Debug|Any CPU.ActiveCfg = Debug|Any CPU
		{D34571C4-6ABE-4EE6-8237-DC5A6D2DD21E}.Debug|Any CPU.Build.0 = Debug|Any CPU
		{D34571C4-6ABE-4EE6-8237-DC5A6D2DD21E}.Release|Any CPU.ActiveCfg = Release|Any CPU
		{D34571C4-6ABE-4EE6-8237-DC5A6D2DD21E}.Release|Any CPU.Build.0 = Release|Any CPU
		{FBE55E52-F01D-4440-9D71-56DDF820D8B0}.Debug|Any CPU.ActiveCfg = Debug|Any CPU
		{FBE55E52-F01D-4440-9D71-56DDF820D8B0}.Debug|Any CPU.Build.0 = Debug|Any CPU
		{FBE55E52-F01D-4440-9D71-56DDF820D8B0}.Release|Any CPU.ActiveCfg = Release|Any CPU
		{FBE55E52-F01D-4440-9D71-56DDF820D8B0}.Release|Any CPU.Build.0 = Release|Any CPU
		{66A6BB50-41F8-4FFD-9789-56507DE35B00}.Debug|Any CPU.ActiveCfg = Debug|Any CPU
		{66A6BB50-41F8-4FFD-9789-56507DE35B00}.Debug|Any CPU.Build.0 = Debug|Any CPU
		{66A6BB50-41F8-4FFD-9789-56507DE35B00}.Release|Any CPU.ActiveCfg = Release|Any CPU
		{66A6BB50-41F8-4FFD-9789-56507DE35B00}.Release|Any CPU.Build.0 = Release|Any CPU
		{87454C18-319F-4294-B39D-1F1D742DD80A}.Debug|Any CPU.ActiveCfg = Debug|Any CPU
		{87454C18-319F-4294-B39D-1F1D742DD80A}.Debug|Any CPU.Build.0 = Debug|Any CPU
		{87454C18-319F-4294-B39D-1F1D742DD80A}.Release|Any CPU.ActiveCfg = Release|Any CPU
		{87454C18-319F-4294-B39D-1F1D742DD80A}.Release|Any CPU.Build.0 = Release|Any CPU
		{A05C8680-6899-4167-8B28-8A1C58AF6550}.Debug|Any CPU.ActiveCfg = Debug|Any CPU
		{A05C8680-6899-4167-8B28-8A1C58AF6550}.Debug|Any CPU.Build.0 = Debug|Any CPU
		{A05C8680-6899-4167-8B28-8A1C58AF6550}.Release|Any CPU.ActiveCfg = Release|Any CPU
		{A05C8680-6899-4167-8B28-8A1C58AF6550}.Release|Any CPU.Build.0 = Release|Any CPU
		{D9B4E95C-47FE-425E-B9D0-D5D3323AA2C5}.Debug|Any CPU.ActiveCfg = Debug|Any CPU
		{D9B4E95C-47FE-425E-B9D0-D5D3323AA2C5}.Debug|Any CPU.Build.0 = Debug|Any CPU
		{D9B4E95C-47FE-425E-B9D0-D5D3323AA2C5}.Release|Any CPU.ActiveCfg = Release|Any CPU
		{D9B4E95C-47FE-425E-B9D0-D5D3323AA2C5}.Release|Any CPU.Build.0 = Release|Any CPU
		{EE6E8E5F-0018-493E-925A-A7F39D984CB8}.Debug|Any CPU.ActiveCfg = Debug|Any CPU
		{EE6E8E5F-0018-493E-925A-A7F39D984CB8}.Debug|Any CPU.Build.0 = Debug|Any CPU
		{EE6E8E5F-0018-493E-925A-A7F39D984CB8}.Release|Any CPU.ActiveCfg = Release|Any CPU
		{EE6E8E5F-0018-493E-925A-A7F39D984CB8}.Release|Any CPU.Build.0 = Release|Any CPU
		{82930C36-FB89-4CA0-AA74-A7C247BE14D6}.Debug|Any CPU.ActiveCfg = Debug|Any CPU
		{82930C36-FB89-4CA0-AA74-A7C247BE14D6}.Debug|Any CPU.Build.0 = Debug|Any CPU
		{82930C36-FB89-4CA0-AA74-A7C247BE14D6}.Release|Any CPU.ActiveCfg = Release|Any CPU
		{82930C36-FB89-4CA0-AA74-A7C247BE14D6}.Release|Any CPU.Build.0 = Release|Any CPU
		{64676ABC-50C0-474A-A179-DEDD22EB6A67}.Debug|Any CPU.ActiveCfg = Debug|Any CPU
		{64676ABC-50C0-474A-A179-DEDD22EB6A67}.Debug|Any CPU.Build.0 = Debug|Any CPU
		{64676ABC-50C0-474A-A179-DEDD22EB6A67}.Release|Any CPU.ActiveCfg = Release|Any CPU
		{64676ABC-50C0-474A-A179-DEDD22EB6A67}.Release|Any CPU.Build.0 = Release|Any CPU
		{94C3085D-379B-41DD-AFCD-D4D5EF3149AA}.Debug|Any CPU.ActiveCfg = Debug|Any CPU
		{94C3085D-379B-41DD-AFCD-D4D5EF3149AA}.Debug|Any CPU.Build.0 = Debug|Any CPU
		{94C3085D-379B-41DD-AFCD-D4D5EF3149AA}.Release|Any CPU.ActiveCfg = Release|Any CPU
		{94C3085D-379B-41DD-AFCD-D4D5EF3149AA}.Release|Any CPU.Build.0 = Release|Any CPU
		{CF6044D2-4C55-4667-999D-2A517FE6EF72}.Debug|Any CPU.ActiveCfg = Debug|Any CPU
		{CF6044D2-4C55-4667-999D-2A517FE6EF72}.Debug|Any CPU.Build.0 = Debug|Any CPU
		{CF6044D2-4C55-4667-999D-2A517FE6EF72}.Release|Any CPU.ActiveCfg = Release|Any CPU
		{CF6044D2-4C55-4667-999D-2A517FE6EF72}.Release|Any CPU.Build.0 = Release|Any CPU
		{0A91341A-D2AE-4891-B59F-8E5AC6AA6FD5}.Debug|Any CPU.ActiveCfg = Debug|Any CPU
		{0A91341A-D2AE-4891-B59F-8E5AC6AA6FD5}.Debug|Any CPU.Build.0 = Debug|Any CPU
		{0A91341A-D2AE-4891-B59F-8E5AC6AA6FD5}.Release|Any CPU.ActiveCfg = Release|Any CPU
		{0A91341A-D2AE-4891-B59F-8E5AC6AA6FD5}.Release|Any CPU.Build.0 = Release|Any CPU
		{467AA3B3-22D7-4287-A09C-85D63F894E34}.Debug|Any CPU.ActiveCfg = Debug|Any CPU
		{467AA3B3-22D7-4287-A09C-85D63F894E34}.Debug|Any CPU.Build.0 = Debug|Any CPU
		{467AA3B3-22D7-4287-A09C-85D63F894E34}.Release|Any CPU.ActiveCfg = Release|Any CPU
		{467AA3B3-22D7-4287-A09C-85D63F894E34}.Release|Any CPU.Build.0 = Release|Any CPU
		{4FBC6612-32EB-40F2-AA47-66E84855769B}.Debug|Any CPU.ActiveCfg = Debug|Any CPU
		{4FBC6612-32EB-40F2-AA47-66E84855769B}.Debug|Any CPU.Build.0 = Debug|Any CPU
		{4FBC6612-32EB-40F2-AA47-66E84855769B}.Release|Any CPU.ActiveCfg = Release|Any CPU
		{4FBC6612-32EB-40F2-AA47-66E84855769B}.Release|Any CPU.Build.0 = Release|Any CPU
		{C6B7C245-0126-4DCA-96AF-404EE783BD6F}.Debug|Any CPU.ActiveCfg = Debug|Any CPU
		{C6B7C245-0126-4DCA-96AF-404EE783BD6F}.Debug|Any CPU.Build.0 = Debug|Any CPU
		{C6B7C245-0126-4DCA-96AF-404EE783BD6F}.Release|Any CPU.ActiveCfg = Release|Any CPU
		{C6B7C245-0126-4DCA-96AF-404EE783BD6F}.Release|Any CPU.Build.0 = Release|Any CPU
		{F82D76AF-D682-4872-834D-186EC744C063}.Debug|Any CPU.ActiveCfg = Debug|Any CPU
		{F82D76AF-D682-4872-834D-186EC744C063}.Debug|Any CPU.Build.0 = Debug|Any CPU
		{F82D76AF-D682-4872-834D-186EC744C063}.Release|Any CPU.ActiveCfg = Release|Any CPU
		{F82D76AF-D682-4872-834D-186EC744C063}.Release|Any CPU.Build.0 = Release|Any CPU
		{A47A4EE2-21F3-4F19-864D-C9DC3E6E7EC8}.Debug|Any CPU.ActiveCfg = Debug|Any CPU
		{A47A4EE2-21F3-4F19-864D-C9DC3E6E7EC8}.Debug|Any CPU.Build.0 = Debug|Any CPU
		{A47A4EE2-21F3-4F19-864D-C9DC3E6E7EC8}.Release|Any CPU.ActiveCfg = Release|Any CPU
		{A47A4EE2-21F3-4F19-864D-C9DC3E6E7EC8}.Release|Any CPU.Build.0 = Release|Any CPU
		{F515EE3A-E080-425E-8362-F279C46763DA}.Debug|Any CPU.ActiveCfg = Debug|Any CPU
		{F515EE3A-E080-425E-8362-F279C46763DA}.Debug|Any CPU.Build.0 = Debug|Any CPU
		{F515EE3A-E080-425E-8362-F279C46763DA}.Release|Any CPU.ActiveCfg = Release|Any CPU
		{F515EE3A-E080-425E-8362-F279C46763DA}.Release|Any CPU.Build.0 = Release|Any CPU
		{5E3BEB3B-145D-4432-BBC2-B89FB1CBB9EB}.Debug|Any CPU.ActiveCfg = Debug|Any CPU
		{5E3BEB3B-145D-4432-BBC2-B89FB1CBB9EB}.Debug|Any CPU.Build.0 = Debug|Any CPU
		{5E3BEB3B-145D-4432-BBC2-B89FB1CBB9EB}.Release|Any CPU.ActiveCfg = Release|Any CPU
		{5E3BEB3B-145D-4432-BBC2-B89FB1CBB9EB}.Release|Any CPU.Build.0 = Release|Any CPU
		{EF4A6275-7FB7-4BBF-A13A-2B33C69A9000}.Debug|Any CPU.ActiveCfg = Debug|Any CPU
		{EF4A6275-7FB7-4BBF-A13A-2B33C69A9000}.Debug|Any CPU.Build.0 = Debug|Any CPU
		{EF4A6275-7FB7-4BBF-A13A-2B33C69A9000}.Release|Any CPU.ActiveCfg = Release|Any CPU
		{EF4A6275-7FB7-4BBF-A13A-2B33C69A9000}.Release|Any CPU.Build.0 = Release|Any CPU
		{391AE284-7985-4159-B9A7-BFEC6542F795}.Debug|Any CPU.ActiveCfg = Debug|Any CPU
		{391AE284-7985-4159-B9A7-BFEC6542F795}.Debug|Any CPU.Build.0 = Debug|Any CPU
		{391AE284-7985-4159-B9A7-BFEC6542F795}.Release|Any CPU.ActiveCfg = Release|Any CPU
		{391AE284-7985-4159-B9A7-BFEC6542F795}.Release|Any CPU.Build.0 = Release|Any CPU
		{A53597FB-EADD-4B64-9D7F-5BA29F0BDB35}.Debug|Any CPU.ActiveCfg = Debug|Any CPU
		{A53597FB-EADD-4B64-9D7F-5BA29F0BDB35}.Debug|Any CPU.Build.0 = Debug|Any CPU
		{A53597FB-EADD-4B64-9D7F-5BA29F0BDB35}.Release|Any CPU.ActiveCfg = Release|Any CPU
		{A53597FB-EADD-4B64-9D7F-5BA29F0BDB35}.Release|Any CPU.Build.0 = Release|Any CPU
		{D43A5A93-4344-4055-A668-B66F9EEA5759}.Debug|Any CPU.ActiveCfg = Debug|Any CPU
		{D43A5A93-4344-4055-A668-B66F9EEA5759}.Debug|Any CPU.Build.0 = Debug|Any CPU
		{D43A5A93-4344-4055-A668-B66F9EEA5759}.Release|Any CPU.ActiveCfg = Release|Any CPU
		{D43A5A93-4344-4055-A668-B66F9EEA5759}.Release|Any CPU.Build.0 = Release|Any CPU
		{3DC42234-060E-4E84-9308-02ED26395CF6}.Debug|Any CPU.ActiveCfg = Debug|Any CPU
		{3DC42234-060E-4E84-9308-02ED26395CF6}.Debug|Any CPU.Build.0 = Debug|Any CPU
		{3DC42234-060E-4E84-9308-02ED26395CF6}.Release|Any CPU.ActiveCfg = Release|Any CPU
		{3DC42234-060E-4E84-9308-02ED26395CF6}.Release|Any CPU.Build.0 = Release|Any CPU
		{48EB5A3A-AFD9-46D0-88E6-89FF21D65311}.Debug|Any CPU.ActiveCfg = Debug|Any CPU
		{48EB5A3A-AFD9-46D0-88E6-89FF21D65311}.Debug|Any CPU.Build.0 = Debug|Any CPU
		{48EB5A3A-AFD9-46D0-88E6-89FF21D65311}.Release|Any CPU.ActiveCfg = Release|Any CPU
		{48EB5A3A-AFD9-46D0-88E6-89FF21D65311}.Release|Any CPU.Build.0 = Release|Any CPU
		{DE029399-0D40-49C2-9256-3D8EDD7453B6}.Debug|Any CPU.ActiveCfg = Debug|Any CPU
		{DE029399-0D40-49C2-9256-3D8EDD7453B6}.Debug|Any CPU.Build.0 = Debug|Any CPU
		{DE029399-0D40-49C2-9256-3D8EDD7453B6}.Release|Any CPU.ActiveCfg = Release|Any CPU
		{DE029399-0D40-49C2-9256-3D8EDD7453B6}.Release|Any CPU.Build.0 = Release|Any CPU
		{14757986-1E9B-473E-9009-5035DBC71A7E}.Debug|Any CPU.ActiveCfg = Debug|Any CPU
		{14757986-1E9B-473E-9009-5035DBC71A7E}.Debug|Any CPU.Build.0 = Debug|Any CPU
		{14757986-1E9B-473E-9009-5035DBC71A7E}.Release|Any CPU.ActiveCfg = Release|Any CPU
		{14757986-1E9B-473E-9009-5035DBC71A7E}.Release|Any CPU.Build.0 = Release|Any CPU
		{6811EEBF-5209-4108-BD3E-E61EC504678C}.Debug|Any CPU.ActiveCfg = Debug|Any CPU
		{6811EEBF-5209-4108-BD3E-E61EC504678C}.Debug|Any CPU.Build.0 = Debug|Any CPU
		{6811EEBF-5209-4108-BD3E-E61EC504678C}.Release|Any CPU.ActiveCfg = Release|Any CPU
		{6811EEBF-5209-4108-BD3E-E61EC504678C}.Release|Any CPU.Build.0 = Release|Any CPU
		{84D5F82C-0334-4406-91AC-55188E95D8FE}.Debug|Any CPU.ActiveCfg = Debug|Any CPU
		{84D5F82C-0334-4406-91AC-55188E95D8FE}.Debug|Any CPU.Build.0 = Debug|Any CPU
		{84D5F82C-0334-4406-91AC-55188E95D8FE}.Release|Any CPU.ActiveCfg = Release|Any CPU
		{84D5F82C-0334-4406-91AC-55188E95D8FE}.Release|Any CPU.Build.0 = Release|Any CPU
		{1E75BAA8-03AA-4CFE-A4C4-7035B53B01C7}.Debug|Any CPU.ActiveCfg = Debug|Any CPU
		{1E75BAA8-03AA-4CFE-A4C4-7035B53B01C7}.Debug|Any CPU.Build.0 = Debug|Any CPU
		{1E75BAA8-03AA-4CFE-A4C4-7035B53B01C7}.Release|Any CPU.ActiveCfg = Release|Any CPU
		{1E75BAA8-03AA-4CFE-A4C4-7035B53B01C7}.Release|Any CPU.Build.0 = Release|Any CPU
		{D6F5771B-AD73-4D18-BD24-1C49CBEF5D16}.Debug|Any CPU.ActiveCfg = Debug|Any CPU
		{D6F5771B-AD73-4D18-BD24-1C49CBEF5D16}.Debug|Any CPU.Build.0 = Debug|Any CPU
		{D6F5771B-AD73-4D18-BD24-1C49CBEF5D16}.Release|Any CPU.ActiveCfg = Release|Any CPU
		{D6F5771B-AD73-4D18-BD24-1C49CBEF5D16}.Release|Any CPU.Build.0 = Release|Any CPU
		{39D93FB7-A341-4D46-9E80-43AB3EDC3C32}.Debug|Any CPU.ActiveCfg = Debug|Any CPU
		{39D93FB7-A341-4D46-9E80-43AB3EDC3C32}.Debug|Any CPU.Build.0 = Debug|Any CPU
		{39D93FB7-A341-4D46-9E80-43AB3EDC3C32}.Release|Any CPU.ActiveCfg = Release|Any CPU
		{39D93FB7-A341-4D46-9E80-43AB3EDC3C32}.Release|Any CPU.Build.0 = Release|Any CPU
		{B754A8C8-5E23-43D8-B44E-CE1C80127B35}.Debug|Any CPU.ActiveCfg = Debug|Any CPU
		{B754A8C8-5E23-43D8-B44E-CE1C80127B35}.Debug|Any CPU.Build.0 = Debug|Any CPU
		{B754A8C8-5E23-43D8-B44E-CE1C80127B35}.Release|Any CPU.ActiveCfg = Release|Any CPU
		{B754A8C8-5E23-43D8-B44E-CE1C80127B35}.Release|Any CPU.Build.0 = Release|Any CPU
		{9C9FABD9-EDF5-43DA-9572-7740F15C3688}.Debug|Any CPU.ActiveCfg = Debug|Any CPU
		{9C9FABD9-EDF5-43DA-9572-7740F15C3688}.Debug|Any CPU.Build.0 = Debug|Any CPU
		{9C9FABD9-EDF5-43DA-9572-7740F15C3688}.Release|Any CPU.ActiveCfg = Release|Any CPU
		{9C9FABD9-EDF5-43DA-9572-7740F15C3688}.Release|Any CPU.Build.0 = Release|Any CPU
		{F704EF3D-08CE-4599-9C42-87E8BD72D321}.Debug|Any CPU.ActiveCfg = Debug|Any CPU
		{F704EF3D-08CE-4599-9C42-87E8BD72D321}.Debug|Any CPU.Build.0 = Debug|Any CPU
		{F704EF3D-08CE-4599-9C42-87E8BD72D321}.Release|Any CPU.ActiveCfg = Release|Any CPU
		{F704EF3D-08CE-4599-9C42-87E8BD72D321}.Release|Any CPU.Build.0 = Release|Any CPU
		{A50AEE88-EC52-40A5-B787-3D4CE2923133}.Debug|Any CPU.ActiveCfg = Debug|Any CPU
		{A50AEE88-EC52-40A5-B787-3D4CE2923133}.Debug|Any CPU.Build.0 = Debug|Any CPU
		{A50AEE88-EC52-40A5-B787-3D4CE2923133}.Release|Any CPU.ActiveCfg = Release|Any CPU
		{A50AEE88-EC52-40A5-B787-3D4CE2923133}.Release|Any CPU.Build.0 = Release|Any CPU
		{3111D80C-BFCA-4DE3-8321-D796469C64E0}.Debug|Any CPU.ActiveCfg = Debug|Any CPU
		{3111D80C-BFCA-4DE3-8321-D796469C64E0}.Debug|Any CPU.Build.0 = Debug|Any CPU
		{3111D80C-BFCA-4DE3-8321-D796469C64E0}.Release|Any CPU.ActiveCfg = Release|Any CPU
		{3111D80C-BFCA-4DE3-8321-D796469C64E0}.Release|Any CPU.Build.0 = Release|Any CPU
		{87BD44A8-2DC1-411C-950F-99DFBF7F6250}.Debug|Any CPU.ActiveCfg = Debug|Any CPU
		{87BD44A8-2DC1-411C-950F-99DFBF7F6250}.Debug|Any CPU.Build.0 = Debug|Any CPU
		{87BD44A8-2DC1-411C-950F-99DFBF7F6250}.Release|Any CPU.ActiveCfg = Release|Any CPU
		{87BD44A8-2DC1-411C-950F-99DFBF7F6250}.Release|Any CPU.Build.0 = Release|Any CPU
		{B8F4B4BF-88DB-4B58-84DA-D6D3110B972D}.Debug|Any CPU.ActiveCfg = Debug|Any CPU
		{B8F4B4BF-88DB-4B58-84DA-D6D3110B972D}.Debug|Any CPU.Build.0 = Debug|Any CPU
		{B8F4B4BF-88DB-4B58-84DA-D6D3110B972D}.Release|Any CPU.ActiveCfg = Release|Any CPU
		{B8F4B4BF-88DB-4B58-84DA-D6D3110B972D}.Release|Any CPU.Build.0 = Release|Any CPU
		{2F248041-0A1D-4DD1-A0C6-6EA08D7E009A}.Debug|Any CPU.ActiveCfg = Debug|Any CPU
		{2F248041-0A1D-4DD1-A0C6-6EA08D7E009A}.Debug|Any CPU.Build.0 = Debug|Any CPU
		{2F248041-0A1D-4DD1-A0C6-6EA08D7E009A}.Release|Any CPU.ActiveCfg = Release|Any CPU
		{2F248041-0A1D-4DD1-A0C6-6EA08D7E009A}.Release|Any CPU.Build.0 = Release|Any CPU
		{7D227695-039B-4B8B-9F7D-38B217ED40ED}.Debug|Any CPU.ActiveCfg = Debug|Any CPU
		{7D227695-039B-4B8B-9F7D-38B217ED40ED}.Debug|Any CPU.Build.0 = Debug|Any CPU
		{7D227695-039B-4B8B-9F7D-38B217ED40ED}.Release|Any CPU.ActiveCfg = Release|Any CPU
		{7D227695-039B-4B8B-9F7D-38B217ED40ED}.Release|Any CPU.Build.0 = Release|Any CPU
		{6C9C956A-D5E5-4E4A-80F3-D233FFFD3DC3}.Debug|Any CPU.ActiveCfg = Debug|Any CPU
		{6C9C956A-D5E5-4E4A-80F3-D233FFFD3DC3}.Debug|Any CPU.Build.0 = Debug|Any CPU
		{6C9C956A-D5E5-4E4A-80F3-D233FFFD3DC3}.Release|Any CPU.ActiveCfg = Release|Any CPU
		{6C9C956A-D5E5-4E4A-80F3-D233FFFD3DC3}.Release|Any CPU.Build.0 = Release|Any CPU
		{D6020835-A66F-4ED4-AF65-07E0162CBEEA}.Debug|Any CPU.ActiveCfg = Debug|Any CPU
		{D6020835-A66F-4ED4-AF65-07E0162CBEEA}.Debug|Any CPU.Build.0 = Debug|Any CPU
		{D6020835-A66F-4ED4-AF65-07E0162CBEEA}.Release|Any CPU.ActiveCfg = Release|Any CPU
		{D6020835-A66F-4ED4-AF65-07E0162CBEEA}.Release|Any CPU.Build.0 = Release|Any CPU
		{4FB16684-263F-4F1A-A8EF-327C9D878242}.Debug|Any CPU.ActiveCfg = Debug|Any CPU
		{4FB16684-263F-4F1A-A8EF-327C9D878242}.Debug|Any CPU.Build.0 = Debug|Any CPU
		{4FB16684-263F-4F1A-A8EF-327C9D878242}.Release|Any CPU.ActiveCfg = Release|Any CPU
		{4FB16684-263F-4F1A-A8EF-327C9D878242}.Release|Any CPU.Build.0 = Release|Any CPU
		{86AEB699-3AF0-4B85-8E2A-3813B9CEE722}.Debug|Any CPU.ActiveCfg = Debug|Any CPU
		{86AEB699-3AF0-4B85-8E2A-3813B9CEE722}.Debug|Any CPU.Build.0 = Debug|Any CPU
		{86AEB699-3AF0-4B85-8E2A-3813B9CEE722}.Release|Any CPU.ActiveCfg = Release|Any CPU
		{86AEB699-3AF0-4B85-8E2A-3813B9CEE722}.Release|Any CPU.Build.0 = Release|Any CPU
		{75573699-431D-4432-B0A9-27089B493A2C}.Debug|Any CPU.ActiveCfg = Debug|Any CPU
		{75573699-431D-4432-B0A9-27089B493A2C}.Debug|Any CPU.Build.0 = Debug|Any CPU
		{75573699-431D-4432-B0A9-27089B493A2C}.Release|Any CPU.ActiveCfg = Release|Any CPU
		{75573699-431D-4432-B0A9-27089B493A2C}.Release|Any CPU.Build.0 = Release|Any CPU
		{83A4BCA1-AE47-42D6-9500-4052857A36BF}.Debug|Any CPU.ActiveCfg = Debug|Any CPU
		{83A4BCA1-AE47-42D6-9500-4052857A36BF}.Debug|Any CPU.Build.0 = Debug|Any CPU
		{83A4BCA1-AE47-42D6-9500-4052857A36BF}.Release|Any CPU.ActiveCfg = Release|Any CPU
		{83A4BCA1-AE47-42D6-9500-4052857A36BF}.Release|Any CPU.Build.0 = Release|Any CPU
		{71BFCA0E-53ED-4F49-A9AC-4B3642664676}.Debug|Any CPU.ActiveCfg = Debug|Any CPU
		{71BFCA0E-53ED-4F49-A9AC-4B3642664676}.Debug|Any CPU.Build.0 = Debug|Any CPU
		{71BFCA0E-53ED-4F49-A9AC-4B3642664676}.Release|Any CPU.ActiveCfg = Release|Any CPU
		{71BFCA0E-53ED-4F49-A9AC-4B3642664676}.Release|Any CPU.Build.0 = Release|Any CPU
		{A51E0514-90F5-4957-826E-0087268BB700}.Debug|Any CPU.ActiveCfg = Debug|Any CPU
		{A51E0514-90F5-4957-826E-0087268BB700}.Debug|Any CPU.Build.0 = Debug|Any CPU
		{A51E0514-90F5-4957-826E-0087268BB700}.Release|Any CPU.ActiveCfg = Release|Any CPU
		{A51E0514-90F5-4957-826E-0087268BB700}.Release|Any CPU.Build.0 = Release|Any CPU
		{1F726754-EB73-410D-8B24-95ECD321C0CE}.Debug|Any CPU.ActiveCfg = Debug|Any CPU
		{1F726754-EB73-410D-8B24-95ECD321C0CE}.Debug|Any CPU.Build.0 = Debug|Any CPU
		{1F726754-EB73-410D-8B24-95ECD321C0CE}.Release|Any CPU.ActiveCfg = Release|Any CPU
		{1F726754-EB73-410D-8B24-95ECD321C0CE}.Release|Any CPU.Build.0 = Release|Any CPU
		{0CC15C2A-D7F7-44BD-97FD-EB0F7DBF8F4A}.Debug|Any CPU.ActiveCfg = Debug|Any CPU
		{0CC15C2A-D7F7-44BD-97FD-EB0F7DBF8F4A}.Debug|Any CPU.Build.0 = Debug|Any CPU
		{0CC15C2A-D7F7-44BD-97FD-EB0F7DBF8F4A}.Release|Any CPU.ActiveCfg = Release|Any CPU
		{0CC15C2A-D7F7-44BD-97FD-EB0F7DBF8F4A}.Release|Any CPU.Build.0 = Release|Any CPU
		{6F1F5CE6-6159-48A2-A50B-0A27135B9577}.Debug|Any CPU.ActiveCfg = Debug|Any CPU
		{6F1F5CE6-6159-48A2-A50B-0A27135B9577}.Debug|Any CPU.Build.0 = Debug|Any CPU
		{6F1F5CE6-6159-48A2-A50B-0A27135B9577}.Release|Any CPU.ActiveCfg = Release|Any CPU
		{6F1F5CE6-6159-48A2-A50B-0A27135B9577}.Release|Any CPU.Build.0 = Release|Any CPU
		{D56F96C5-20FF-4AFF-A856-B103ACE903BC}.Debug|Any CPU.ActiveCfg = Debug|Any CPU
		{D56F96C5-20FF-4AFF-A856-B103ACE903BC}.Debug|Any CPU.Build.0 = Debug|Any CPU
		{D56F96C5-20FF-4AFF-A856-B103ACE903BC}.Release|Any CPU.ActiveCfg = Release|Any CPU
		{D56F96C5-20FF-4AFF-A856-B103ACE903BC}.Release|Any CPU.Build.0 = Release|Any CPU
	EndGlobalSection
	GlobalSection(SolutionProperties) = preSolution
		HideSolutionNode = FALSE
	EndGlobalSection
	GlobalSection(NestedProjects) = preSolution
		{56EAED74-25E5-4C02-8572-759BC0E74931} = {D613C94E-8482-4D2B-98EB-92E7932A357D}
		{0D156B0A-95C1-465A-B25C-9086A98D0E87} = {D613C94E-8482-4D2B-98EB-92E7932A357D}
		{2D03F30A-3270-461D-B8F5-753789CB3C19} = {D613C94E-8482-4D2B-98EB-92E7932A357D}
		{6CB6F557-C513-4B2D-9767-33B1C1249AA8} = {D613C94E-8482-4D2B-98EB-92E7932A357D}
		{E6431740-287F-46F3-9F60-2363483C5AE9} = {D613C94E-8482-4D2B-98EB-92E7932A357D}
		{8487CADD-4ED3-41E6-8DC8-560DD0F2A7CD} = {D613C94E-8482-4D2B-98EB-92E7932A357D}
		{DD358810-1AE6-4D82-82BE-FA8297B76C51} = {D613C94E-8482-4D2B-98EB-92E7932A357D}
		{7338FF4C-A1B2-4242-A69B-E84392598EF7} = {D613C94E-8482-4D2B-98EB-92E7932A357D}
		{181C91BA-2160-481E-836D-5C4692B1EC53} = {D613C94E-8482-4D2B-98EB-92E7932A357D}
		{D7FD3756-4EB7-45AF-A790-B868CB4550B5} = {D613C94E-8482-4D2B-98EB-92E7932A357D}
		{C8B1E4E8-256E-4C29-B6B9-8DF7765798C2} = {D613C94E-8482-4D2B-98EB-92E7932A357D}
		{E0C97FF1-3A73-4DD4-B0D6-902BF18EF0D2} = {D613C94E-8482-4D2B-98EB-92E7932A357D}
		{A788A40B-37BA-485A-A514-8FD308701469} = {D613C94E-8482-4D2B-98EB-92E7932A357D}
		{99D96287-64D4-4BDB-9A3C-335728E27527} = {C496388F-C6E0-439E-AB2F-0A33259BED93}
		{F69DE01B-DBB1-4982-8074-965B3F29617F} = {C496388F-C6E0-439E-AB2F-0A33259BED93}
		{04B160EF-5CE3-49B4-BD6E-F2F23C3CCD5F} = {C496388F-C6E0-439E-AB2F-0A33259BED93}
		{E6DC22A3-7AA9-45DE-8180-D1C2240800E5} = {C496388F-C6E0-439E-AB2F-0A33259BED93}
		{B80C5A56-BE69-46EB-8979-44CEBC4894F1} = {C496388F-C6E0-439E-AB2F-0A33259BED93}
		{28E05597-60A8-46CF-A0C5-DD18A38BB0BA} = {C496388F-C6E0-439E-AB2F-0A33259BED93}
		{FE343ADF-96E6-42F8-A21E-F050DAE321A8} = {C496388F-C6E0-439E-AB2F-0A33259BED93}
		{BA5BE706-0EF6-4081-9C82-0C9480185D2F} = {C496388F-C6E0-439E-AB2F-0A33259BED93}
		{8B857B07-A806-4F41-A847-4AB22C0EB324} = {C496388F-C6E0-439E-AB2F-0A33259BED93}
		{F6E577D6-CB4B-4054-94EE-A129F0762108} = {C496388F-C6E0-439E-AB2F-0A33259BED93}
		{B679DBA8-CB88-4A64-941F-9C590255994D} = {C496388F-C6E0-439E-AB2F-0A33259BED93}
		{03376735-9EA7-4563-AC66-9DFD30E27DBD} = {C496388F-C6E0-439E-AB2F-0A33259BED93}
		{6D3A227F-55DC-4B68-B6D1-4F27E6BEEBEE} = {C496388F-C6E0-439E-AB2F-0A33259BED93}
		{C0526C47-6744-4FA0-8973-3848DD726D86} = {C496388F-C6E0-439E-AB2F-0A33259BED93}
		{DC271F53-94E9-42D8-8028-58506F671885} = {C496388F-C6E0-439E-AB2F-0A33259BED93}
		{5F78F51F-67D7-4E65-878F-E51DF8F2A99C} = {C496388F-C6E0-439E-AB2F-0A33259BED93}
		{D5927227-5183-4542-8E80-354D0FFEB069} = {C496388F-C6E0-439E-AB2F-0A33259BED93}
		{6FE8166B-D9A9-4D32-AA38-7EED3083A7A0} = {C496388F-C6E0-439E-AB2F-0A33259BED93}
		{FD4423E4-FC1F-4FFF-BB4B-CB4ACCD78631} = {C496388F-C6E0-439E-AB2F-0A33259BED93}
		{B77EA176-AEE3-460D-90BD-B6E47B35B396} = {C496388F-C6E0-439E-AB2F-0A33259BED93}
		{E81EB37F-E338-4DA2-A570-B91C4D42757C} = {C496388F-C6E0-439E-AB2F-0A33259BED93}
		{29C98FA2-8E96-411D-B9A7-F55141507F6C} = {C496388F-C6E0-439E-AB2F-0A33259BED93}
		{2E72055E-FB70-4190-988F-F69A8BF1D376} = {C496388F-C6E0-439E-AB2F-0A33259BED93}
		{210C5A76-D8A2-43B5-B6E3-29DB91437564} = {C496388F-C6E0-439E-AB2F-0A33259BED93}
		{5CC25E9E-483F-429D-BF51-EC38D2D75B6F} = {C496388F-C6E0-439E-AB2F-0A33259BED93}
		{0F00F905-C725-46F7-8416-63AA31749275} = {C496388F-C6E0-439E-AB2F-0A33259BED93}
		{68BC633C-A4DA-4E7D-8FE7-3F4EF0842448} = {C496388F-C6E0-439E-AB2F-0A33259BED93}
		{EB02C4A8-C918-4249-A207-25690DC4ECB0} = {C496388F-C6E0-439E-AB2F-0A33259BED93}
		{D8FCA9A9-D1B6-4079-9B9D-552D1C6D0B61} = {C496388F-C6E0-439E-AB2F-0A33259BED93}
		{5B97F812-3E12-4BF6-896B-8B0430C4186C} = {C496388F-C6E0-439E-AB2F-0A33259BED93}
		{51D96A07-2F42-4BF0-972D-E30F4509A994} = {74DDE047-3DC0-4C37-AA5F-489A5A721419}
		{556415CC-6452-4EE2-92D0-21992822AF61} = {74DDE047-3DC0-4C37-AA5F-489A5A721419}
		{F7F0E315-8A8E-4441-A91B-AFF6456F28E0} = {74DDE047-3DC0-4C37-AA5F-489A5A721419}
		{3C87E54D-CB48-4A93-97C7-CB2E8F9325B9} = {74DDE047-3DC0-4C37-AA5F-489A5A721419}
		{CBBB41E4-661F-419A-994B-8A8B5001EA61} = {74DDE047-3DC0-4C37-AA5F-489A5A721419}
		{5772BE11-61AA-470F-8098-F6E378FFDD48} = {74DDE047-3DC0-4C37-AA5F-489A5A721419}
		{30AFFC79-F4E0-4005-8F6E-FA65277246E1} = {60C73EA5-F7AD-4FA3-9DC9-5E932C6A7DF7}
		{BA1E31BD-6DC4-47F6-A1FE-0E02F8D459DC} = {60C73EA5-F7AD-4FA3-9DC9-5E932C6A7DF7}
		{89F8FEB2-8233-44AA-AA4B-D7432C42DFFB} = {60C73EA5-F7AD-4FA3-9DC9-5E932C6A7DF7}
		{123BB1FD-E02C-478A-91C5-3ECFB389EC25} = {60C73EA5-F7AD-4FA3-9DC9-5E932C6A7DF7}
		{C5775108-0187-4731-B6C4-F99CD4179968} = {60C73EA5-F7AD-4FA3-9DC9-5E932C6A7DF7}
		{9537FD9C-1250-4D01-93B9-1B0328085D8D} = {60C73EA5-F7AD-4FA3-9DC9-5E932C6A7DF7}
		{0DA7ED1C-0E71-439F-A065-F68A77602500} = {60C73EA5-F7AD-4FA3-9DC9-5E932C6A7DF7}
		{CB8AABBD-3276-44D1-9212-5B5E0EFF9EA7} = {60C73EA5-F7AD-4FA3-9DC9-5E932C6A7DF7}
		{28B19CB1-6989-4FE2-B286-8E18B296A0A2} = {60C73EA5-F7AD-4FA3-9DC9-5E932C6A7DF7}
		{525E3BFD-AB32-4BEF-AEDC-087337C96E1D} = {60C73EA5-F7AD-4FA3-9DC9-5E932C6A7DF7}
		{41CFC953-BE69-4E5E-A003-3CD3D5F71CF3} = {60C73EA5-F7AD-4FA3-9DC9-5E932C6A7DF7}
		{D1BCBA05-618C-49FE-9833-BBB876F29AEC} = {60C73EA5-F7AD-4FA3-9DC9-5E932C6A7DF7}
		{0B050B4F-AB15-43CE-9AC2-098426CEAD0A} = {60C73EA5-F7AD-4FA3-9DC9-5E932C6A7DF7}
		{5951E181-5A5D-48E6-B47C-A0BB7E55D158} = {60C73EA5-F7AD-4FA3-9DC9-5E932C6A7DF7}
		{2DEB29AC-D636-43D3-A788-2860C81010C4} = {60C73EA5-F7AD-4FA3-9DC9-5E932C6A7DF7}
		{6FACE213-1489-47DF-94F2-B756AE73E69B} = {60C73EA5-F7AD-4FA3-9DC9-5E932C6A7DF7}
		{C0A16624-AB1F-4C30-AA4A-D53A2CC20DBE} = {60C73EA5-F7AD-4FA3-9DC9-5E932C6A7DF7}
		{80804EB0-74DE-4FFA-9D63-C11DEC677055} = {60C73EA5-F7AD-4FA3-9DC9-5E932C6A7DF7}
		{1A0FC813-38EE-42FE-9B73-54AE5834E22B} = {60C73EA5-F7AD-4FA3-9DC9-5E932C6A7DF7}
		{C561C9D1-0A25-4E70-8559-B892C3A54759} = {60C73EA5-F7AD-4FA3-9DC9-5E932C6A7DF7}
		{5DA30170-104C-44A3-8006-4BA38F53B7B3} = {60C73EA5-F7AD-4FA3-9DC9-5E932C6A7DF7}
		{2817F96D-462F-4DC3-ABDC-9E68893CB31F} = {60C73EA5-F7AD-4FA3-9DC9-5E932C6A7DF7}
		{4E1F9E55-7AB7-4041-9A1B-E0DEA017B282} = {60C73EA5-F7AD-4FA3-9DC9-5E932C6A7DF7}
		{8A2596AC-B1D0-46CF-8AC1-1FEAAA4F4A37} = {60C73EA5-F7AD-4FA3-9DC9-5E932C6A7DF7}
		{A5028E47-7BFF-4DB7-8B53-3960DDB71BAA} = {60C73EA5-F7AD-4FA3-9DC9-5E932C6A7DF7}
		{9F0B518A-9E29-4211-B1CF-364BBFE99341} = {60C73EA5-F7AD-4FA3-9DC9-5E932C6A7DF7}
		{AB6E1191-C462-479A-B08C-EA477E150DD7} = {60C73EA5-F7AD-4FA3-9DC9-5E932C6A7DF7}
		{4FCBEBD2-5AAD-4A33-A3C5-71D52E6C6A46} = {553A6759-F191-45A4-83B4-7AD8800CC4D4}
		{79F9BBD3-E2AB-46CF-B049-D9EB32365B75} = {553A6759-F191-45A4-83B4-7AD8800CC4D4}
		{3FE883A8-00F0-4B10-BB5E-17246BAE4AB9} = {553A6759-F191-45A4-83B4-7AD8800CC4D4}
		{06DF5908-F09A-41F6-B75B-937EFBAD4A7F} = {553A6759-F191-45A4-83B4-7AD8800CC4D4}
		{D4CD3B01-71F2-4801-B038-2F5E7C7575BB} = {553A6759-F191-45A4-83B4-7AD8800CC4D4}
		{3328DF64-B3EB-4774-A105-446EC0191209} = {553A6759-F191-45A4-83B4-7AD8800CC4D4}
		{42850459-6115-4780-B18B-66FCE6C06310} = {553A6759-F191-45A4-83B4-7AD8800CC4D4}
		{D40581A2-66C9-45CF-9794-6E56D75DCBC2} = {553A6759-F191-45A4-83B4-7AD8800CC4D4}
		{C2F9F3ED-D033-465C-BFC8-91CF13464A96} = {553A6759-F191-45A4-83B4-7AD8800CC4D4}
		{2456EDBC-BFE9-4BE0-99BD-95967BFDA2DF} = {553A6759-F191-45A4-83B4-7AD8800CC4D4}
		{402F4E9D-2AC6-48FE-95FA-7889054DA05C} = {553A6759-F191-45A4-83B4-7AD8800CC4D4}
		{EE5604D9-DE1D-46A7-B90D-52F591A132C5} = {553A6759-F191-45A4-83B4-7AD8800CC4D4}
		{F53F0E10-0AC6-458B-97AF-1D11827EDC2C} = {553A6759-F191-45A4-83B4-7AD8800CC4D4}
		{1BA68255-8081-4427-AB36-1BC72C9B94C3} = {553A6759-F191-45A4-83B4-7AD8800CC4D4}
		{FE509BC5-B2EA-4309-973F-507AAFEA567B} = {553A6759-F191-45A4-83B4-7AD8800CC4D4}
		{5D6FFD0E-84A4-4EBD-A056-599C6553D90E} = {553A6759-F191-45A4-83B4-7AD8800CC4D4}
		{D34571C4-6ABE-4EE6-8237-DC5A6D2DD21E} = {553A6759-F191-45A4-83B4-7AD8800CC4D4}
		{FBE55E52-F01D-4440-9D71-56DDF820D8B0} = {553A6759-F191-45A4-83B4-7AD8800CC4D4}
		{66A6BB50-41F8-4FFD-9789-56507DE35B00} = {553A6759-F191-45A4-83B4-7AD8800CC4D4}
		{87454C18-319F-4294-B39D-1F1D742DD80A} = {553A6759-F191-45A4-83B4-7AD8800CC4D4}
		{A05C8680-6899-4167-8B28-8A1C58AF6550} = {553A6759-F191-45A4-83B4-7AD8800CC4D4}
		{D9B4E95C-47FE-425E-B9D0-D5D3323AA2C5} = {553A6759-F191-45A4-83B4-7AD8800CC4D4}
		{EE6E8E5F-0018-493E-925A-A7F39D984CB8} = {553A6759-F191-45A4-83B4-7AD8800CC4D4}
		{82930C36-FB89-4CA0-AA74-A7C247BE14D6} = {553A6759-F191-45A4-83B4-7AD8800CC4D4}
		{64676ABC-50C0-474A-A179-DEDD22EB6A67} = {553A6759-F191-45A4-83B4-7AD8800CC4D4}
		{94C3085D-379B-41DD-AFCD-D4D5EF3149AA} = {553A6759-F191-45A4-83B4-7AD8800CC4D4}
		{CF6044D2-4C55-4667-999D-2A517FE6EF72} = {553A6759-F191-45A4-83B4-7AD8800CC4D4}
		{0A91341A-D2AE-4891-B59F-8E5AC6AA6FD5} = {553A6759-F191-45A4-83B4-7AD8800CC4D4}
		{467AA3B3-22D7-4287-A09C-85D63F894E34} = {553A6759-F191-45A4-83B4-7AD8800CC4D4}
		{4FBC6612-32EB-40F2-AA47-66E84855769B} = {553A6759-F191-45A4-83B4-7AD8800CC4D4}
		{C6B7C245-0126-4DCA-96AF-404EE783BD6F} = {553A6759-F191-45A4-83B4-7AD8800CC4D4}
		{F82D76AF-D682-4872-834D-186EC744C063} = {553A6759-F191-45A4-83B4-7AD8800CC4D4}
		{A47A4EE2-21F3-4F19-864D-C9DC3E6E7EC8} = {553A6759-F191-45A4-83B4-7AD8800CC4D4}
		{F515EE3A-E080-425E-8362-F279C46763DA} = {3185A54A-0ACE-4F37-AB17-31BCB56DD25B}
		{5E3BEB3B-145D-4432-BBC2-B89FB1CBB9EB} = {3185A54A-0ACE-4F37-AB17-31BCB56DD25B}
		{EF4A6275-7FB7-4BBF-A13A-2B33C69A9000} = {3185A54A-0ACE-4F37-AB17-31BCB56DD25B}
		{391AE284-7985-4159-B9A7-BFEC6542F795} = {3185A54A-0ACE-4F37-AB17-31BCB56DD25B}
		{A53597FB-EADD-4B64-9D7F-5BA29F0BDB35} = {3185A54A-0ACE-4F37-AB17-31BCB56DD25B}
		{D43A5A93-4344-4055-A668-B66F9EEA5759} = {3185A54A-0ACE-4F37-AB17-31BCB56DD25B}
		{3DC42234-060E-4E84-9308-02ED26395CF6} = {3185A54A-0ACE-4F37-AB17-31BCB56DD25B}
		{48EB5A3A-AFD9-46D0-88E6-89FF21D65311} = {3185A54A-0ACE-4F37-AB17-31BCB56DD25B}
		{DE029399-0D40-49C2-9256-3D8EDD7453B6} = {3185A54A-0ACE-4F37-AB17-31BCB56DD25B}
		{14757986-1E9B-473E-9009-5035DBC71A7E} = {3185A54A-0ACE-4F37-AB17-31BCB56DD25B}
		{6811EEBF-5209-4108-BD3E-E61EC504678C} = {3185A54A-0ACE-4F37-AB17-31BCB56DD25B}
		{84D5F82C-0334-4406-91AC-55188E95D8FE} = {3185A54A-0ACE-4F37-AB17-31BCB56DD25B}
		{1E75BAA8-03AA-4CFE-A4C4-7035B53B01C7} = {3185A54A-0ACE-4F37-AB17-31BCB56DD25B}
		{D6F5771B-AD73-4D18-BD24-1C49CBEF5D16} = {3185A54A-0ACE-4F37-AB17-31BCB56DD25B}
		{39D93FB7-A341-4D46-9E80-43AB3EDC3C32} = {3185A54A-0ACE-4F37-AB17-31BCB56DD25B}
		{B754A8C8-5E23-43D8-B44E-CE1C80127B35} = {3185A54A-0ACE-4F37-AB17-31BCB56DD25B}
		{9C9FABD9-EDF5-43DA-9572-7740F15C3688} = {3185A54A-0ACE-4F37-AB17-31BCB56DD25B}
		{F704EF3D-08CE-4599-9C42-87E8BD72D321} = {3185A54A-0ACE-4F37-AB17-31BCB56DD25B}
		{A50AEE88-EC52-40A5-B787-3D4CE2923133} = {3185A54A-0ACE-4F37-AB17-31BCB56DD25B}
		{3111D80C-BFCA-4DE3-8321-D796469C64E0} = {3185A54A-0ACE-4F37-AB17-31BCB56DD25B}
		{87BD44A8-2DC1-411C-950F-99DFBF7F6250} = {3185A54A-0ACE-4F37-AB17-31BCB56DD25B}
		{B8F4B4BF-88DB-4B58-84DA-D6D3110B972D} = {3185A54A-0ACE-4F37-AB17-31BCB56DD25B}
		{2F248041-0A1D-4DD1-A0C6-6EA08D7E009A} = {3185A54A-0ACE-4F37-AB17-31BCB56DD25B}
		{7D227695-039B-4B8B-9F7D-38B217ED40ED} = {3185A54A-0ACE-4F37-AB17-31BCB56DD25B}
		{6C9C956A-D5E5-4E4A-80F3-D233FFFD3DC3} = {3185A54A-0ACE-4F37-AB17-31BCB56DD25B}
		{D6020835-A66F-4ED4-AF65-07E0162CBEEA} = {3185A54A-0ACE-4F37-AB17-31BCB56DD25B}
		{4FB16684-263F-4F1A-A8EF-327C9D878242} = {3185A54A-0ACE-4F37-AB17-31BCB56DD25B}
		{86AEB699-3AF0-4B85-8E2A-3813B9CEE722} = {3185A54A-0ACE-4F37-AB17-31BCB56DD25B}
		{75573699-431D-4432-B0A9-27089B493A2C} = {3185A54A-0ACE-4F37-AB17-31BCB56DD25B}
		{83A4BCA1-AE47-42D6-9500-4052857A36BF} = {3185A54A-0ACE-4F37-AB17-31BCB56DD25B}
		{71BFCA0E-53ED-4F49-A9AC-4B3642664676} = {3185A54A-0ACE-4F37-AB17-31BCB56DD25B}
		{A51E0514-90F5-4957-826E-0087268BB700} = {4B674581-397B-45F9-9825-093FAF9913AD}
		{1F726754-EB73-410D-8B24-95ECD321C0CE} = {4B674581-397B-45F9-9825-093FAF9913AD}
		{0CC15C2A-D7F7-44BD-97FD-EB0F7DBF8F4A} = {4B674581-397B-45F9-9825-093FAF9913AD}
		{6F1F5CE6-6159-48A2-A50B-0A27135B9577} = {4B674581-397B-45F9-9825-093FAF9913AD}
		{D56F96C5-20FF-4AFF-A856-B103ACE903BC} = {4B674581-397B-45F9-9825-093FAF9913AD}
	EndGlobalSection
	GlobalSection(ExtensibilityGlobals) = postSolution
		SolutionGuid = {1ABB9738-6C82-49F1-97E0-E9124472BA26}
	EndGlobalSection
EndGlobal
