
Microsoft Visual Studio Solution File, Format Version 12.00
# Visual Studio Version 16
VisualStudioVersion = 16.0.31515.178
MinimumVisualStudioVersion = 10.0.40219.1
Project("{9A19103F-16F7-4668-BE54-9A1E7A4F7556}") = "00-Demo-01-Hello-world", "00-Demo-01-Hello-world\00-Demo-01-Hello-world.csproj", "{56EAED74-25E5-4C02-8572-759BC0E74931}"
EndProject
Project("{2150E333-8FDC-42A3-9474-1A3956D46DE8}") = "01-Uvod", "01-Uvod", "{D613C94E-8482-4D2B-98EB-92E7932A357D}"
EndProject
Project("{9A19103F-16F7-4668-BE54-9A1E7A4F7556}") = "01-Uvod-010-Pozdrav", "01-Uvod-010-Pozdrav\01-Uvod-010-Pozdrav.csproj", "{0D156B0A-95C1-465A-B25C-9086A98D0E87}"
EndProject
Project("{9A19103F-16F7-4668-BE54-9A1E7A4F7556}") = "01-Uvod-020-Nej_skola", "01-Uvod-020-Nej_skola\01-Uvod-020-Nej_skola.csproj", "{2D03F30A-3270-461D-B8F5-753789CB3C19}"
EndProject
Project("{9A19103F-16F7-4668-BE54-9A1E7A4F7556}") = "01-Uvod-030-Domaci_vs_hoste", "01-Uvod-030-Domaci_vs_hoste\01-Uvod-030-Domaci_vs_hoste.csproj", "{6CB6F557-C513-4B2D-9767-33B1C1249AA8}"
EndProject
Project("{9A19103F-16F7-4668-BE54-9A1E7A4F7556}") = "01-Uvod-040-Datove_typy", "01-Uvod-040-Datove_typy\01-Uvod-040-Datove_typy.csproj", "{E6431740-287F-46F3-9F60-2363483C5AE9}"
EndProject
Project("{9A19103F-16F7-4668-BE54-9A1E7A4F7556}") = "01-Uvod-050-Obsah_ctverce", "01-Uvod-050-Obsah_ctverce\01-Uvod-050-Obsah_ctverce.csproj", "{8487CADD-4ED3-41E6-8DC8-560DD0F2A7CD}"
EndProject
Project("{9A19103F-16F7-4668-BE54-9A1E7A4F7556}") = "01-Uvod-060-Objem_a_povrch_kvadru", "01-Uvod-060-Objem_a_povrch_kvadru\01-Uvod-060-Objem_a_povrch_kvadru.csproj", "{DD358810-1AE6-4D82-82BE-FA8297B76C51}"
EndProject
Project("{9A19103F-16F7-4668-BE54-9A1E7A4F7556}") = "01-Uvod-070-Obvod_a_obsah_kruhu", "01-Uvod-070-Obvod_a_obsah_kruhu\01-Uvod-070-Obvod_a_obsah_kruhu.csproj", "{7338FF4C-A1B2-4242-A69B-E84392598EF7}"
EndProject
Project("{9A19103F-16F7-4668-BE54-9A1E7A4F7556}") = "01-Uvod-080-Pythagorova_veta", "C:\Users\koupja\source\repos\2021-PR1-1As1-Reseni\01-Uvod-080-Pythagorova_veta\01-Uvod-080-Pythagorova_veta.csproj", "{181C91BA-2160-481E-836D-5C4692B1EC53}"
EndProject
Project("{9A19103F-16F7-4668-BE54-9A1E7A4F7556}") = "01-Uvod-090-Vymena_karet", "C:\Users\koupja\source\repos\2021-PR1-1As1-Reseni\01-Uvod-090-Vymena_karet\01-Uvod-090-Vymena_karet.csproj", "{D7FD3756-4EB7-45AF-A790-B868CB4550B5}"
EndProject
Project("{9A19103F-16F7-4668-BE54-9A1E7A4F7556}") = "01-Uvod-100-Nakupni_kosik", "C:\Users\koupja\source\repos\2021-PR1-1As1-Reseni\01-Uvod-100-Nakupni_kosik\01-Uvod-100-Nakupni_kosik.csproj", "{C8B1E4E8-256E-4C29-B6B9-8DF7765798C2}"
EndProject
Project("{9A19103F-16F7-4668-BE54-9A1E7A4F7556}") = "01-Uvod-110-Rozbite_deleni", "C:\Users\koupja\source\repos\2021-PR1-1As1-Reseni\01-Uvod-110-Rozbite_deleni\01-Uvod-110-Rozbite_deleni.csproj", "{E0C97FF1-3A73-4DD4-B0D6-902BF18EF0D2}"
EndProject
Project("{9A19103F-16F7-4668-BE54-9A1E7A4F7556}") = "01-Uvod-120-Heronuv_vzorec", "C:\Users\koupja\source\repos\2021-PR1-1As1-Reseni\01-Uvod-120-Heronuv_vzorec\01-Uvod-120-Heronuv_vzorec.csproj", "{A788A40B-37BA-485A-A514-8FD308701469}"
EndProject
Global
	GlobalSection(SolutionConfigurationPlatforms) = preSolution
		Debug|Any CPU = Debug|Any CPU
		Release|Any CPU = Release|Any CPU
	EndGlobalSection
	GlobalSection(ProjectConfigurationPlatforms) = postSolution
		{56EAED74-25E5-4C02-8572-759BC0E74931}.Debug|Any CPU.ActiveCfg = Debug|Any CPU
		{56EAED74-25E5-4C02-8572-759BC0E74931}.Debug|Any CPU.Build.0 = Debug|Any CPU
		{56EAED74-25E5-4C02-8572-759BC0E74931}.Release|Any CPU.ActiveCfg = Release|Any CPU
		{56EAED74-25E5-4C02-8572-759BC0E74931}.Release|Any CPU.Build.0 = Release|Any CPU
		{0D156B0A-95C1-465A-B25C-9086A98D0E87}.Debug|Any CPU.ActiveCfg = Debug|Any CPU
		{0D156B0A-95C1-465A-B25C-9086A98D0E87}.Debug|Any CPU.Build.0 = Debug|Any CPU
		{0D156B0A-95C1-465A-B25C-9086A98D0E87}.Release|Any CPU.ActiveCfg = Release|Any CPU
		{0D156B0A-95C1-465A-B25C-9086A98D0E87}.Release|Any CPU.Build.0 = Release|Any CPU
		{2D03F30A-3270-461D-B8F5-753789CB3C19}.Debug|Any CPU.ActiveCfg = Debug|Any CPU
		{2D03F30A-3270-461D-B8F5-753789CB3C19}.Debug|Any CPU.Build.0 = Debug|Any CPU
		{2D03F30A-3270-461D-B8F5-753789CB3C19}.Release|Any CPU.ActiveCfg = Release|Any CPU
		{2D03F30A-3270-461D-B8F5-753789CB3C19}.Release|Any CPU.Build.0 = Release|Any CPU
		{6CB6F557-C513-4B2D-9767-33B1C1249AA8}.Debug|Any CPU.ActiveCfg = Debug|Any CPU
		{6CB6F557-C513-4B2D-9767-33B1C1249AA8}.Debug|Any CPU.Build.0 = Debug|Any CPU
		{6CB6F557-C513-4B2D-9767-33B1C1249AA8}.Release|Any CPU.ActiveCfg = Release|Any CPU
		{6CB6F557-C513-4B2D-9767-33B1C1249AA8}.Release|Any CPU.Build.0 = Release|Any CPU
		{E6431740-287F-46F3-9F60-2363483C5AE9}.Debug|Any CPU.ActiveCfg = Debug|Any CPU
		{E6431740-287F-46F3-9F60-2363483C5AE9}.Debug|Any CPU.Build.0 = Debug|Any CPU
		{E6431740-287F-46F3-9F60-2363483C5AE9}.Release|Any CPU.ActiveCfg = Release|Any CPU
		{E6431740-287F-46F3-9F60-2363483C5AE9}.Release|Any CPU.Build.0 = Release|Any CPU
		{8487CADD-4ED3-41E6-8DC8-560DD0F2A7CD}.Debug|Any CPU.ActiveCfg = Debug|Any CPU
		{8487CADD-4ED3-41E6-8DC8-560DD0F2A7CD}.Debug|Any CPU.Build.0 = Debug|Any CPU
		{8487CADD-4ED3-41E6-8DC8-560DD0F2A7CD}.Release|Any CPU.ActiveCfg = Release|Any CPU
		{8487CADD-4ED3-41E6-8DC8-560DD0F2A7CD}.Release|Any CPU.Build.0 = Release|Any CPU
		{DD358810-1AE6-4D82-82BE-FA8297B76C51}.Debug|Any CPU.ActiveCfg = Debug|Any CPU
		{DD358810-1AE6-4D82-82BE-FA8297B76C51}.Debug|Any CPU.Build.0 = Debug|Any CPU
		{DD358810-1AE6-4D82-82BE-FA8297B76C51}.Release|Any CPU.ActiveCfg = Release|Any CPU
		{DD358810-1AE6-4D82-82BE-FA8297B76C51}.Release|Any CPU.Build.0 = Release|Any CPU
		{7338FF4C-A1B2-4242-A69B-E84392598EF7}.Debug|Any CPU.ActiveCfg = Debug|Any CPU
		{7338FF4C-A1B2-4242-A69B-E84392598EF7}.Debug|Any CPU.Build.0 = Debug|Any CPU
		{7338FF4C-A1B2-4242-A69B-E84392598EF7}.Release|Any CPU.ActiveCfg = Release|Any CPU
		{7338FF4C-A1B2-4242-A69B-E84392598EF7}.Release|Any CPU.Build.0 = Release|Any CPU
		{181C91BA-2160-481E-836D-5C4692B1EC53}.Debug|Any CPU.ActiveCfg = Debug|Any CPU
		{181C91BA-2160-481E-836D-5C4692B1EC53}.Debug|Any CPU.Build.0 = Debug|Any CPU
		{181C91BA-2160-481E-836D-5C4692B1EC53}.Release|Any CPU.ActiveCfg = Release|Any CPU
		{181C91BA-2160-481E-836D-5C4692B1EC53}.Release|Any CPU.Build.0 = Release|Any CPU
		{D7FD3756-4EB7-45AF-A790-B868CB4550B5}.Debug|Any CPU.ActiveCfg = Debug|Any CPU
		{D7FD3756-4EB7-45AF-A790-B868CB4550B5}.Debug|Any CPU.Build.0 = Debug|Any CPU
		{D7FD3756-4EB7-45AF-A790-B868CB4550B5}.Release|Any CPU.ActiveCfg = Release|Any CPU
		{D7FD3756-4EB7-45AF-A790-B868CB4550B5}.Release|Any CPU.Build.0 = Release|Any CPU
		{C8B1E4E8-256E-4C29-B6B9-8DF7765798C2}.Debug|Any CPU.ActiveCfg = Debug|Any CPU
		{C8B1E4E8-256E-4C29-B6B9-8DF7765798C2}.Debug|Any CPU.Build.0 = Debug|Any CPU
		{C8B1E4E8-256E-4C29-B6B9-8DF7765798C2}.Release|Any CPU.ActiveCfg = Release|Any CPU
		{C8B1E4E8-256E-4C29-B6B9-8DF7765798C2}.Release|Any CPU.Build.0 = Release|Any CPU
		{E0C97FF1-3A73-4DD4-B0D6-902BF18EF0D2}.Debug|Any CPU.ActiveCfg = Debug|Any CPU
		{E0C97FF1-3A73-4DD4-B0D6-902BF18EF0D2}.Debug|Any CPU.Build.0 = Debug|Any CPU
		{E0C97FF1-3A73-4DD4-B0D6-902BF18EF0D2}.Release|Any CPU.ActiveCfg = Release|Any CPU
		{E0C97FF1-3A73-4DD4-B0D6-902BF18EF0D2}.Release|Any CPU.Build.0 = Release|Any CPU
		{A788A40B-37BA-485A-A514-8FD308701469}.Debug|Any CPU.ActiveCfg = Debug|Any CPU
		{A788A40B-37BA-485A-A514-8FD308701469}.Debug|Any CPU.Build.0 = Debug|Any CPU
		{A788A40B-37BA-485A-A514-8FD308701469}.Release|Any CPU.ActiveCfg = Release|Any CPU
		{A788A40B-37BA-485A-A514-8FD308701469}.Release|Any CPU.Build.0 = Release|Any CPU
	EndGlobalSection
	GlobalSection(SolutionProperties) = preSolution
		HideSolutionNode = FALSE
	EndGlobalSection
	GlobalSection(NestedProjects) = preSolution
		{56EAED74-25E5-4C02-8572-759BC0E74931} = {D613C94E-8482-4D2B-98EB-92E7932A357D}
		{0D156B0A-95C1-465A-B25C-9086A98D0E87} = {D613C94E-8482-4D2B-98EB-92E7932A357D}
		{2D03F30A-3270-461D-B8F5-753789CB3C19} = {D613C94E-8482-4D2B-98EB-92E7932A357D}
		{6CB6F557-C513-4B2D-9767-33B1C1249AA8} = {D613C94E-8482-4D2B-98EB-92E7932A357D}
		{E6431740-287F-46F3-9F60-2363483C5AE9} = {D613C94E-8482-4D2B-98EB-92E7932A357D}
		{8487CADD-4ED3-41E6-8DC8-560DD0F2A7CD} = {D613C94E-8482-4D2B-98EB-92E7932A357D}
		{DD358810-1AE6-4D82-82BE-FA8297B76C51} = {D613C94E-8482-4D2B-98EB-92E7932A357D}
		{7338FF4C-A1B2-4242-A69B-E84392598EF7} = {D613C94E-8482-4D2B-98EB-92E7932A357D}
		{181C91BA-2160-481E-836D-5C4692B1EC53} = {D613C94E-8482-4D2B-98EB-92E7932A357D}
		{D7FD3756-4EB7-45AF-A790-B868CB4550B5} = {D613C94E-8482-4D2B-98EB-92E7932A357D}
		{C8B1E4E8-256E-4C29-B6B9-8DF7765798C2} = {D613C94E-8482-4D2B-98EB-92E7932A357D}
		{E0C97FF1-3A73-4DD4-B0D6-902BF18EF0D2} = {D613C94E-8482-4D2B-98EB-92E7932A357D}
		{A788A40B-37BA-485A-A514-8FD308701469} = {D613C94E-8482-4D2B-98EB-92E7932A357D}
	EndGlobalSection
	GlobalSection(ExtensibilityGlobals) = postSolution
		SolutionGuid = {1ABB9738-6C82-49F1-97E0-E9124472BA26}
	EndGlobalSection
EndGlobal
